// !$*UTF8*$!
{
	archiveVersion = 1;
	classes = {
	};
	objectVersion = 45;
	objects = {

/* Begin PBXBuildFile section */
		1D3623260D0F684500981E51 /* RubyTimeAppDelegate.m in Sources */ = {isa = PBXBuildFile; fileRef = 1D3623250D0F684500981E51 /* RubyTimeAppDelegate.m */; };
		1D60589B0D05DD56006BFB54 /* main.m in Sources */ = {isa = PBXBuildFile; fileRef = 29B97316FDCFA39411CA2CEA /* main.m */; };
		1D60589F0D05DD5A006BFB54 /* Foundation.framework in Frameworks */ = {isa = PBXBuildFile; fileRef = 1D30AB110D05D00D00671497 /* Foundation.framework */; };
		1DF5F4E00D08C38300B7A737 /* UIKit.framework in Frameworks */ = {isa = PBXBuildFile; fileRef = 1DF5F4DF0D08C38300B7A737 /* UIKit.framework */; };
		2892E4100DC94CBA00A64D0F /* CoreGraphics.framework in Frameworks */ = {isa = PBXBuildFile; fileRef = 2892E40F0DC94CBA00A64D0F /* CoreGraphics.framework */; };
		2899E5600DE3E45000AC0155 /* RootViewController.xib in Resources */ = {isa = PBXBuildFile; fileRef = 2899E55F0DE3E45000AC0155 /* RootViewController.xib */; };
		28AD73600D9D9599002E5188 /* MainWindow.xib in Resources */ = {isa = PBXBuildFile; fileRef = 28AD735F0D9D9599002E5188 /* MainWindow.xib */; };
		28C286E10D94DF7D0034E888 /* RootViewController.m in Sources */ = {isa = PBXBuildFile; fileRef = 28C286E00D94DF7D0034E888 /* RootViewController.m */; };
		58CA2D0D0FA77FF9007A6A65 /* LoginDialogController.m in Sources */ = {isa = PBXBuildFile; fileRef = 58CA2D0C0FA77FF9007A6A65 /* LoginDialogController.m */; };
		58CA2D0F0FA78000007A6A65 /* LoginDialog.xib in Resources */ = {isa = PBXBuildFile; fileRef = 58CA2D0E0FA78000007A6A65 /* LoginDialog.xib */; };
		58CA2D1D0FA78A61007A6A65 /* Utils.m in Sources */ = {isa = PBXBuildFile; fileRef = 58CA2D1C0FA78A61007A6A65 /* Utils.m */; };
		58CA2D360FA78D18007A6A65 /* NSArray+BSJSONAdditions.m in Sources */ = {isa = PBXBuildFile; fileRef = 58CA2D2F0FA78D18007A6A65 /* NSArray+BSJSONAdditions.m */; };
		58CA2D370FA78D18007A6A65 /* NSDictionary+BSJSONAdditions.m in Sources */ = {isa = PBXBuildFile; fileRef = 58CA2D310FA78D18007A6A65 /* NSDictionary+BSJSONAdditions.m */; };
		58CA2D380FA78D18007A6A65 /* NSScanner+BSJSONAdditions.m in Sources */ = {isa = PBXBuildFile; fileRef = 58CA2D330FA78D18007A6A65 /* NSScanner+BSJSONAdditions.m */; };
		58CA2D390FA78D18007A6A65 /* NSString+BSJSONAdditions.m in Sources */ = {isa = PBXBuildFile; fileRef = 58CA2D350FA78D18007A6A65 /* NSString+BSJSONAdditions.m */; };
		58CA2D450FA78DED007A6A65 /* NSDataMBBase64.m in Sources */ = {isa = PBXBuildFile; fileRef = 58CA2D3E0FA78DED007A6A65 /* NSDataMBBase64.m */; };
		58CA2D4E0FA7995E007A6A65 /* Request.m in Sources */ = {isa = PBXBuildFile; fileRef = 58CA2D4B0FA7995E007A6A65 /* Request.m */; };
		58CA2D4F0FA7995E007A6A65 /* RubyTimeConnector.m in Sources */ = {isa = PBXBuildFile; fileRef = 58CA2D4D0FA7995E007A6A65 /* RubyTimeConnector.m */; };
		58CA2DAE0FA7AE6A007A6A65 /* Activity.m in Sources */ = {isa = PBXBuildFile; fileRef = 58CA2DAD0FA7AE6A007A6A65 /* Activity.m */; };
/* End PBXBuildFile section */

/* Begin PBXFileReference section */
		1D30AB110D05D00D00671497 /* Foundation.framework */ = {isa = PBXFileReference; lastKnownFileType = wrapper.framework; name = Foundation.framework; path = System/Library/Frameworks/Foundation.framework; sourceTree = SDKROOT; };
		1D3623240D0F684500981E51 /* RubyTimeAppDelegate.h */ = {isa = PBXFileReference; fileEncoding = 4; lastKnownFileType = sourcecode.c.h; path = RubyTimeAppDelegate.h; sourceTree = "<group>"; };
		1D3623250D0F684500981E51 /* RubyTimeAppDelegate.m */ = {isa = PBXFileReference; fileEncoding = 4; lastKnownFileType = sourcecode.c.objc; path = RubyTimeAppDelegate.m; sourceTree = "<group>"; };
		1D6058910D05DD3D006BFB54 /* RubyTime.app */ = {isa = PBXFileReference; explicitFileType = wrapper.application; includeInIndex = 0; path = RubyTime.app; sourceTree = BUILT_PRODUCTS_DIR; };
		1DF5F4DF0D08C38300B7A737 /* UIKit.framework */ = {isa = PBXFileReference; lastKnownFileType = wrapper.framework; name = UIKit.framework; path = System/Library/Frameworks/UIKit.framework; sourceTree = SDKROOT; };
		2892E40F0DC94CBA00A64D0F /* CoreGraphics.framework */ = {isa = PBXFileReference; lastKnownFileType = wrapper.framework; name = CoreGraphics.framework; path = System/Library/Frameworks/CoreGraphics.framework; sourceTree = SDKROOT; };
		2899E55F0DE3E45000AC0155 /* RootViewController.xib */ = {isa = PBXFileReference; lastKnownFileType = file.xib; path = RootViewController.xib; sourceTree = "<group>"; };
		28A0AAE50D9B0CCF005BE974 /* RubyTime_Prefix.pch */ = {isa = PBXFileReference; fileEncoding = 4; lastKnownFileType = sourcecode.c.h; path = RubyTime_Prefix.pch; sourceTree = "<group>"; };
		28AD735F0D9D9599002E5188 /* MainWindow.xib */ = {isa = PBXFileReference; lastKnownFileType = file.xib; path = MainWindow.xib; sourceTree = "<group>"; };
		28C286DF0D94DF7D0034E888 /* RootViewController.h */ = {isa = PBXFileReference; fileEncoding = 4; lastKnownFileType = sourcecode.c.h; path = RootViewController.h; sourceTree = "<group>"; };
		28C286E00D94DF7D0034E888 /* RootViewController.m */ = {isa = PBXFileReference; fileEncoding = 4; lastKnownFileType = sourcecode.c.objc; path = RootViewController.m; sourceTree = "<group>"; };
		29B97316FDCFA39411CA2CEA /* main.m */ = {isa = PBXFileReference; fileEncoding = 4; lastKnownFileType = sourcecode.c.objc; path = main.m; sourceTree = "<group>"; };
		58CA2D0B0FA77FF9007A6A65 /* LoginDialogController.h */ = {isa = PBXFileReference; fileEncoding = 4; lastKnownFileType = sourcecode.c.h; path = LoginDialogController.h; sourceTree = "<group>"; };
		58CA2D0C0FA77FF9007A6A65 /* LoginDialogController.m */ = {isa = PBXFileReference; fileEncoding = 4; lastKnownFileType = sourcecode.c.objc; path = LoginDialogController.m; sourceTree = "<group>"; };
		58CA2D0E0FA78000007A6A65 /* LoginDialog.xib */ = {isa = PBXFileReference; lastKnownFileType = file.xib; path = LoginDialog.xib; sourceTree = "<group>"; };
		58CA2D1B0FA78A61007A6A65 /* Utils.h */ = {isa = PBXFileReference; fileEncoding = 4; lastKnownFileType = sourcecode.c.h; path = Utils.h; sourceTree = "<group>"; };
		58CA2D1C0FA78A61007A6A65 /* Utils.m */ = {isa = PBXFileReference; fileEncoding = 4; lastKnownFileType = sourcecode.c.objc; path = Utils.m; sourceTree = "<group>"; };
		58CA2D2E0FA78D18007A6A65 /* NSArray+BSJSONAdditions.h */ = {isa = PBXFileReference; fileEncoding = 4; lastKnownFileType = sourcecode.c.h; path = "NSArray+BSJSONAdditions.h"; sourceTree = "<group>"; };
		58CA2D2F0FA78D18007A6A65 /* NSArray+BSJSONAdditions.m */ = {isa = PBXFileReference; fileEncoding = 4; lastKnownFileType = sourcecode.c.objc; path = "NSArray+BSJSONAdditions.m"; sourceTree = "<group>"; };
		58CA2D300FA78D18007A6A65 /* NSDictionary+BSJSONAdditions.h */ = {isa = PBXFileReference; fileEncoding = 4; lastKnownFileType = sourcecode.c.h; path = "NSDictionary+BSJSONAdditions.h"; sourceTree = "<group>"; };
		58CA2D310FA78D18007A6A65 /* NSDictionary+BSJSONAdditions.m */ = {isa = PBXFileReference; fileEncoding = 4; lastKnownFileType = sourcecode.c.objc; path = "NSDictionary+BSJSONAdditions.m"; sourceTree = "<group>"; };
		58CA2D320FA78D18007A6A65 /* NSScanner+BSJSONAdditions.h */ = {isa = PBXFileReference; fileEncoding = 4; lastKnownFileType = sourcecode.c.h; path = "NSScanner+BSJSONAdditions.h"; sourceTree = "<group>"; };
		58CA2D330FA78D18007A6A65 /* NSScanner+BSJSONAdditions.m */ = {isa = PBXFileReference; fileEncoding = 4; lastKnownFileType = sourcecode.c.objc; path = "NSScanner+BSJSONAdditions.m"; sourceTree = "<group>"; };
		58CA2D340FA78D18007A6A65 /* NSString+BSJSONAdditions.h */ = {isa = PBXFileReference; fileEncoding = 4; lastKnownFileType = sourcecode.c.h; path = "NSString+BSJSONAdditions.h"; sourceTree = "<group>"; };
		58CA2D350FA78D18007A6A65 /* NSString+BSJSONAdditions.m */ = {isa = PBXFileReference; fileEncoding = 4; lastKnownFileType = sourcecode.c.objc; path = "NSString+BSJSONAdditions.m"; sourceTree = "<group>"; };
		58CA2D3C0FA78DED007A6A65 /* Constants.h */ = {isa = PBXFileReference; fileEncoding = 4; lastKnownFileType = sourcecode.c.h; path = Constants.h; sourceTree = "<group>"; };
		58CA2D3D0FA78DED007A6A65 /* NSDataMBBase64.h */ = {isa = PBXFileReference; fileEncoding = 4; lastKnownFileType = sourcecode.c.h; path = NSDataMBBase64.h; sourceTree = "<group>"; };
		58CA2D3E0FA78DED007A6A65 /* NSDataMBBase64.m */ = {isa = PBXFileReference; fileEncoding = 4; lastKnownFileType = sourcecode.c.objc; path = NSDataMBBase64.m; sourceTree = "<group>"; };
		58CA2D4A0FA7995E007A6A65 /* Request.h */ = {isa = PBXFileReference; fileEncoding = 4; lastKnownFileType = sourcecode.c.h; path = Request.h; sourceTree = "<group>"; };
		58CA2D4B0FA7995E007A6A65 /* Request.m */ = {isa = PBXFileReference; fileEncoding = 4; lastKnownFileType = sourcecode.c.objc; path = Request.m; sourceTree = "<group>"; };
		58CA2D4C0FA7995E007A6A65 /* RubyTimeConnector.h */ = {isa = PBXFileReference; fileEncoding = 4; lastKnownFileType = sourcecode.c.h; path = RubyTimeConnector.h; sourceTree = "<group>"; };
		58CA2D4D0FA7995E007A6A65 /* RubyTimeConnector.m */ = {isa = PBXFileReference; fileEncoding = 4; lastKnownFileType = sourcecode.c.objc; path = RubyTimeConnector.m; sourceTree = "<group>"; };
		58CA2DAC0FA7AE6A007A6A65 /* Activity.h */ = {isa = PBXFileReference; fileEncoding = 4; lastKnownFileType = sourcecode.c.h; path = Activity.h; sourceTree = "<group>"; };
		58CA2DAD0FA7AE6A007A6A65 /* Activity.m */ = {isa = PBXFileReference; fileEncoding = 4; lastKnownFileType = sourcecode.c.objc; path = Activity.m; sourceTree = "<group>"; };
		8D1107310486CEB800E47090 /* Info.plist */ = {isa = PBXFileReference; fileEncoding = 4; lastKnownFileType = text.plist.xml; path = Info.plist; sourceTree = "<group>"; };
/* End PBXFileReference section */

/* Begin PBXFrameworksBuildPhase section */
		1D60588F0D05DD3D006BFB54 /* Frameworks */ = {
			isa = PBXFrameworksBuildPhase;
			buildActionMask = 2147483647;
			files = (
				1D60589F0D05DD5A006BFB54 /* Foundation.framework in Frameworks */,
				1DF5F4E00D08C38300B7A737 /* UIKit.framework in Frameworks */,
				2892E4100DC94CBA00A64D0F /* CoreGraphics.framework in Frameworks */,
			);
			runOnlyForDeploymentPostprocessing = 0;
		};
/* End PBXFrameworksBuildPhase section */

/* Begin PBXGroup section */
		080E96DDFE201D6D7F000001 /* Classes */ = {
			isa = PBXGroup;
			children = (
				58CA2D1B0FA78A61007A6A65 /* Utils.h */,
				58CA2D1C0FA78A61007A6A65 /* Utils.m */,
				58CA2D0B0FA77FF9007A6A65 /* LoginDialogController.h */,
				58CA2D0C0FA77FF9007A6A65 /* LoginDialogController.m */,
				28C286DF0D94DF7D0034E888 /* RootViewController.h */,
				28C286E00D94DF7D0034E888 /* RootViewController.m */,
				1D3623240D0F684500981E51 /* RubyTimeAppDelegate.h */,
				1D3623250D0F684500981E51 /* RubyTimeAppDelegate.m */,
			);
			path = Classes;
			sourceTree = "<group>";
		};
		19C28FACFE9D520D11CA2CBB /* Products */ = {
			isa = PBXGroup;
			children = (
				1D6058910D05DD3D006BFB54 /* RubyTime.app */,
			);
			name = Products;
			sourceTree = "<group>";
		};
		29B97314FDCFA39411CA2CEA /* CustomTemplate */ = {
			isa = PBXGroup;
			children = (
				58CA2DAB0FA7AE54007A6A65 /* Models */,
				58CA2D3B0FA78DD8007A6A65 /* Backend */,
				58CA2D2D0FA78D00007A6A65 /* BSJSONAdditions */,
				080E96DDFE201D6D7F000001 /* Classes */,
				29B97315FDCFA39411CA2CEA /* Other Sources */,
				29B97317FDCFA39411CA2CEA /* Resources */,
				29B97323FDCFA39411CA2CEA /* Frameworks */,
				19C28FACFE9D520D11CA2CBB /* Products */,
			);
			name = CustomTemplate;
			sourceTree = "<group>";
		};
		29B97315FDCFA39411CA2CEA /* Other Sources */ = {
			isa = PBXGroup;
			children = (
				28A0AAE50D9B0CCF005BE974 /* RubyTime_Prefix.pch */,
				29B97316FDCFA39411CA2CEA /* main.m */,
			);
			name = "Other Sources";
			sourceTree = "<group>";
		};
		29B97317FDCFA39411CA2CEA /* Resources */ = {
			isa = PBXGroup;
			children = (
				58CA2D0E0FA78000007A6A65 /* LoginDialog.xib */,
				2899E55F0DE3E45000AC0155 /* RootViewController.xib */,
				28AD735F0D9D9599002E5188 /* MainWindow.xib */,
				8D1107310486CEB800E47090 /* Info.plist */,
			);
			name = Resources;
			sourceTree = "<group>";
		};
		29B97323FDCFA39411CA2CEA /* Frameworks */ = {
			isa = PBXGroup;
			children = (
				1DF5F4DF0D08C38300B7A737 /* UIKit.framework */,
				1D30AB110D05D00D00671497 /* Foundation.framework */,
				2892E40F0DC94CBA00A64D0F /* CoreGraphics.framework */,
			);
			name = Frameworks;
			sourceTree = "<group>";
		};
		58CA2D2D0FA78D00007A6A65 /* BSJSONAdditions */ = {
			isa = PBXGroup;
			children = (
				58CA2D2E0FA78D18007A6A65 /* NSArray+BSJSONAdditions.h */,
				58CA2D2F0FA78D18007A6A65 /* NSArray+BSJSONAdditions.m */,
				58CA2D300FA78D18007A6A65 /* NSDictionary+BSJSONAdditions.h */,
				58CA2D310FA78D18007A6A65 /* NSDictionary+BSJSONAdditions.m */,
				58CA2D320FA78D18007A6A65 /* NSScanner+BSJSONAdditions.h */,
				58CA2D330FA78D18007A6A65 /* NSScanner+BSJSONAdditions.m */,
				58CA2D340FA78D18007A6A65 /* NSString+BSJSONAdditions.h */,
				58CA2D350FA78D18007A6A65 /* NSString+BSJSONAdditions.m */,
			);
			path = BSJSONAdditions;
			sourceTree = "<group>";
		};
		58CA2D3B0FA78DD8007A6A65 /* Backend */ = {
			isa = PBXGroup;
			children = (
				58CA2D4A0FA7995E007A6A65 /* Request.h */,
				58CA2D4B0FA7995E007A6A65 /* Request.m */,
				58CA2D4C0FA7995E007A6A65 /* RubyTimeConnector.h */,
				58CA2D4D0FA7995E007A6A65 /* RubyTimeConnector.m */,
				58CA2D3C0FA78DED007A6A65 /* Constants.h */,
				58CA2D3D0FA78DED007A6A65 /* NSDataMBBase64.h */,
				58CA2D3E0FA78DED007A6A65 /* NSDataMBBase64.m */,
			);
			path = Backend;
			sourceTree = "<group>";
		};
		58CA2DAB0FA7AE54007A6A65 /* Models */ = {
			isa = PBXGroup;
			children = (
				58CA2DAC0FA7AE6A007A6A65 /* Activity.h */,
				58CA2DAD0FA7AE6A007A6A65 /* Activity.m */,
			);
			path = Models;
			sourceTree = "<group>";
		};
/* End PBXGroup section */

/* Begin PBXNativeTarget section */
		1D6058900D05DD3D006BFB54 /* RubyTime */ = {
			isa = PBXNativeTarget;
			buildConfigurationList = 1D6058960D05DD3E006BFB54 /* Build configuration list for PBXNativeTarget "RubyTime" */;
			buildPhases = (
				1D60588D0D05DD3D006BFB54 /* Resources */,
				1D60588E0D05DD3D006BFB54 /* Sources */,
				1D60588F0D05DD3D006BFB54 /* Frameworks */,
			);
			buildRules = (
			);
			dependencies = (
			);
			name = RubyTime;
			productName = RubyTime;
			productReference = 1D6058910D05DD3D006BFB54 /* RubyTime.app */;
			productType = "com.apple.product-type.application";
		};
/* End PBXNativeTarget section */

/* Begin PBXProject section */
		29B97313FDCFA39411CA2CEA /* Project object */ = {
			isa = PBXProject;
			buildConfigurationList = C01FCF4E08A954540054247B /* Build configuration list for PBXProject "RubyTime" */;
			compatibilityVersion = "Xcode 3.1";
			hasScannedForEncodings = 1;
			knownRegions = (
				English,
				Japanese,
				French,
				German,
				en,
			);
			mainGroup = 29B97314FDCFA39411CA2CEA /* CustomTemplate */;
			projectDirPath = "";
			projectRoot = "";
			targets = (
				1D6058900D05DD3D006BFB54 /* RubyTime */,
			);
		};
/* End PBXProject section */

/* Begin PBXResourcesBuildPhase section */
		1D60588D0D05DD3D006BFB54 /* Resources */ = {
			isa = PBXResourcesBuildPhase;
			buildActionMask = 2147483647;
			files = (
				28AD73600D9D9599002E5188 /* MainWindow.xib in Resources */,
				2899E5600DE3E45000AC0155 /* RootViewController.xib in Resources */,
				58CA2D0F0FA78000007A6A65 /* LoginDialog.xib in Resources */,
			);
			runOnlyForDeploymentPostprocessing = 0;
		};
/* End PBXResourcesBuildPhase section */

/* Begin PBXSourcesBuildPhase section */
		1D60588E0D05DD3D006BFB54 /* Sources */ = {
			isa = PBXSourcesBuildPhase;
			buildActionMask = 2147483647;
			files = (
				1D60589B0D05DD56006BFB54 /* main.m in Sources */,
				1D3623260D0F684500981E51 /* RubyTimeAppDelegate.m in Sources */,
				28C286E10D94DF7D0034E888 /* RootViewController.m in Sources */,
				58CA2D0D0FA77FF9007A6A65 /* LoginDialogController.m in Sources */,
				58CA2D1D0FA78A61007A6A65 /* Utils.m in Sources */,
				58CA2D360FA78D18007A6A65 /* NSArray+BSJSONAdditions.m in Sources */,
				58CA2D370FA78D18007A6A65 /* NSDictionary+BSJSONAdditions.m in Sources */,
				58CA2D380FA78D18007A6A65 /* NSScanner+BSJSONAdditions.m in Sources */,
				58CA2D390FA78D18007A6A65 /* NSString+BSJSONAdditions.m in Sources */,
				58CA2D450FA78DED007A6A65 /* NSDataMBBase64.m in Sources */,
				58CA2D4E0FA7995E007A6A65 /* Request.m in Sources */,
				58CA2D4F0FA7995E007A6A65 /* RubyTimeConnector.m in Sources */,
				58CA2DAE0FA7AE6A007A6A65 /* Activity.m in Sources */,
			);
			runOnlyForDeploymentPostprocessing = 0;
		};
/* End PBXSourcesBuildPhase section */

/* Begin XCBuildConfiguration section */
		1D6058940D05DD3E006BFB54 /* Debug */ = {
			isa = XCBuildConfiguration;
			buildSettings = {
				ALWAYS_SEARCH_USER_PATHS = NO;
				COPY_PHASE_STRIP = NO;
				GCC_DYNAMIC_NO_PIC = NO;
				GCC_OPTIMIZATION_LEVEL = 0;
				GCC_PRECOMPILE_PREFIX_HEADER = YES;
				GCC_PREFIX_HEADER = RubyTime_Prefix.pch;
				GCC_TREAT_WARNINGS_AS_ERRORS = YES;
				INFOPLIST_FILE = Info.plist;
				PRODUCT_NAME = RubyTime;
			};
			name = Debug;
		};
		1D6058950D05DD3E006BFB54 /* Release */ = {
			isa = XCBuildConfiguration;
			buildSettings = {
				ALWAYS_SEARCH_USER_PATHS = NO;
				COPY_PHASE_STRIP = YES;
				GCC_PRECOMPILE_PREFIX_HEADER = YES;
				GCC_PREFIX_HEADER = RubyTime_Prefix.pch;
				GCC_TREAT_WARNINGS_AS_ERRORS = YES;
				INFOPLIST_FILE = Info.plist;
				PRODUCT_NAME = RubyTime;
			};
			name = Release;
		};
		C01FCF4F08A954540054247B /* Debug */ = {
			isa = XCBuildConfiguration;
			buildSettings = {
				ARCHS = "$(ARCHS_STANDARD_32_BIT)";
				"CODE_SIGN_IDENTITY[sdk=iphoneos*]" = "iPhone Developer";
				GCC_C_LANGUAGE_STANDARD = c99;
				GCC_WARN_ABOUT_RETURN_TYPE = YES;
				GCC_WARN_UNUSED_VARIABLE = YES;
				ONLY_ACTIVE_ARCH = YES;
				PREBINDING = NO;
				SDKROOT = iphoneos2.2.1;
			};
			name = Debug;
		};
		C01FCF5008A954540054247B /* Release */ = {
			isa = XCBuildConfiguration;
			buildSettings = {
				ARCHS = "$(ARCHS_STANDARD_32_BIT)";
				"CODE_SIGN_IDENTITY[sdk=iphoneos*]" = "iPhone Developer";
				GCC_C_LANGUAGE_STANDARD = c99;
				GCC_WARN_ABOUT_RETURN_TYPE = YES;
				GCC_WARN_UNUSED_VARIABLE = YES;
				PREBINDING = NO;
				SDKROOT = iphoneos2.2.1;
			};
			name = Release;
		};
/* End XCBuildConfiguration section */

/* Begin XCConfigurationList section */
		1D6058960D05DD3E006BFB54 /* Build configuration list for PBXNativeTarget "RubyTime" */ = {
			isa = XCConfigurationList;
			buildConfigurations = (
				1D6058940D05DD3E006BFB54 /* Debug */,
				1D6058950D05DD3E006BFB54 /* Release */,
			);
			defaultConfigurationIsVisible = 0;
			defaultConfigurationName = Release;
		};
		C01FCF4E08A954540054247B /* Build configuration list for PBXProject "RubyTime" */ = {
			isa = XCConfigurationList;
			buildConfigurations = (
				C01FCF4F08A954540054247B /* Debug */,
				C01FCF5008A954540054247B /* Release */,
			);
			defaultConfigurationIsVisible = 0;
			defaultConfigurationName = Release;
		};
/* End XCConfigurationList section */
	};
	rootObject = 29B97313FDCFA39411CA2CEA /* Project object */;
}
