// !$*UTF8*$!
{
	archiveVersion = 1;
	classes = {
	};
	objectVersion = 45;
	objects = {

/* Begin PBXBuildFile section */
		1D60589B0D05DD56006BFB54 /* main.m in Sources */ = {isa = PBXBuildFile; fileRef = 29B97316FDCFA39411CA2CEA /* main.m */; };
		1D60589F0D05DD5A006BFB54 /* Foundation.framework in Frameworks */ = {isa = PBXBuildFile; fileRef = 1D30AB110D05D00D00671497 /* Foundation.framework */; };
		1DF5F4E00D08C38300B7A737 /* UIKit.framework in Frameworks */ = {isa = PBXBuildFile; fileRef = 1DF5F4DF0D08C38300B7A737 /* UIKit.framework */; };
		2892E4100DC94CBA00A64D0F /* CoreGraphics.framework in Frameworks */ = {isa = PBXBuildFile; fileRef = 2892E40F0DC94CBA00A64D0F /* CoreGraphics.framework */; };
		5810634B10132BE600E8A540 /* ActivityLengthDialog.xib in Resources */ = {isa = PBXBuildFile; fileRef = 5810634A10132BE600E8A540 /* ActivityLengthDialog.xib */; };
		5810635110132C7200E8A540 /* ActivityLengthDialogController.m in Sources */ = {isa = PBXBuildFile; fileRef = 5810635010132C7200E8A540 /* ActivityLengthDialogController.m */; };
		581063C710134B3900E8A540 /* ActivityDetailsController.m in Sources */ = {isa = PBXBuildFile; fileRef = 581063C610134B3900E8A540 /* ActivityDetailsController.m */; };
		581063EB1013595100E8A540 /* ShowActivityDialog.xib in Resources */ = {isa = PBXBuildFile; fileRef = 581063EA1013595100E8A540 /* ShowActivityDialog.xib */; };
		58106416101361A400E8A540 /* QuartzCore.framework in Frameworks */ = {isa = PBXBuildFile; fileRef = 58106415101361A400E8A540 /* QuartzCore.framework */; };
		5810641D101362CC00E8A540 /* LoadingView.m in Sources */ = {isa = PBXBuildFile; fileRef = 5810641C101362CC00E8A540 /* LoadingView.m */; };
		5831E83F0FB0B2A5008680E5 /* GlobalDataManager.m in Sources */ = {isa = PBXBuildFile; fileRef = 5831E83E0FB0B2A5008680E5 /* GlobalDataManager.m */; };
		5844CE620FC31FA8007F22FE /* README.markdown in Resources */ = {isa = PBXBuildFile; fileRef = 5844CE610FC31FA8007F22FE /* README.markdown */; };
		586516620FFFB82500363BB2 /* ShowActivityDialogController.m in Sources */ = {isa = PBXBuildFile; fileRef = 586516610FFFB82500363BB2 /* ShowActivityDialogController.m */; };
		586DAE120FBB68CA00DBCF0A /* NewActivityDialog.xib in Resources */ = {isa = PBXBuildFile; fileRef = 586DAE110FBB68CA00DBCF0A /* NewActivityDialog.xib */; };
		588865C7108DD75400EEFCF9 /* Account.m in Sources */ = {isa = PBXBuildFile; fileRef = 588865C6108DD75400EEFCF9 /* Account.m */; };
		588867231090753E00EEFCF9 /* BaseViewController.m in Sources */ = {isa = PBXBuildFile; fileRef = 588867221090753E00EEFCF9 /* BaseViewController.m */; };
		5888687D1090AEF700EEFCF9 /* Images in Resources */ = {isa = PBXBuildFile; fileRef = 5888687A1090AEF700EEFCF9 /* Images */; };
		588BAB040FADD47C00460689 /* MIT-LICENSE.txt in Resources */ = {isa = PBXBuildFile; fileRef = 588BAB020FADD47C00460689 /* MIT-LICENSE.txt */; };
		588BAB130FADD78B00460689 /* ActivityCell.xib in Resources */ = {isa = PBXBuildFile; fileRef = 588BAB0F0FADD78B00460689 /* ActivityCell.xib */; };
		588BAB150FADD78B00460689 /* LoginDialog.xib in Resources */ = {isa = PBXBuildFile; fileRef = 588BAB110FADD78B00460689 /* LoginDialog.xib */; };
		588BAB160FADD78B00460689 /* MainWindow.xib in Resources */ = {isa = PBXBuildFile; fileRef = 588BAB120FADD78B00460689 /* MainWindow.xib */; };
		588BAB190FADD79B00460689 /* ActivityCell.m in Sources */ = {isa = PBXBuildFile; fileRef = 588BAB180FADD79B00460689 /* ActivityCell.m */; };
		589BE9DE0FD1D52300CCFA82 /* NSDataMBBase64.m in Sources */ = {isa = PBXBuildFile; fileRef = 589BE9DA0FD1D52300CCFA82 /* NSDataMBBase64.m */; };
		589BE9DF0FD1D52300CCFA82 /* SFHFEditableCell.m in Sources */ = {isa = PBXBuildFile; fileRef = 589BE9DC0FD1D52300CCFA82 /* SFHFEditableCell.m */; };
		589BE9EF0FD1D57C00CCFA82 /* ActivityCommentsDialogController.m in Sources */ = {isa = PBXBuildFile; fileRef = 589BE9E20FD1D57C00CCFA82 /* ActivityCommentsDialogController.m */; };
		589BE9F00FD1D57C00CCFA82 /* ActivityDateDialogController.m in Sources */ = {isa = PBXBuildFile; fileRef = 589BE9E40FD1D57C00CCFA82 /* ActivityDateDialogController.m */; };
		589BE9F10FD1D57C00CCFA82 /* ActivityListController.m in Sources */ = {isa = PBXBuildFile; fileRef = 589BE9E60FD1D57C00CCFA82 /* ActivityListController.m */; };
		589BE9F20FD1D57C00CCFA82 /* LoginDialogController.m in Sources */ = {isa = PBXBuildFile; fileRef = 589BE9E80FD1D57C00CCFA82 /* LoginDialogController.m */; };
		589BE9F30FD1D57C00CCFA82 /* NewActivityDialogController.m in Sources */ = {isa = PBXBuildFile; fileRef = 589BE9EA0FD1D57C00CCFA82 /* NewActivityDialogController.m */; };
		589BE9F40FD1D57C00CCFA82 /* ProjectChoiceController.m in Sources */ = {isa = PBXBuildFile; fileRef = 589BE9EC0FD1D57C00CCFA82 /* ProjectChoiceController.m */; };
		589BE9F50FD1D57C00CCFA82 /* RubyTimeAppDelegate.m in Sources */ = {isa = PBXBuildFile; fileRef = 589BE9EE0FD1D57C00CCFA82 /* RubyTimeAppDelegate.m */; };
		589BEA220FD1D60100CCFA82 /* BSJSONEncoder.m in Sources */ = {isa = PBXBuildFile; fileRef = 589BEA190FD1D60100CCFA82 /* BSJSONEncoder.m */; };
		589BEA230FD1D60100CCFA82 /* NSArray+BSJSONAdditions.m in Sources */ = {isa = PBXBuildFile; fileRef = 589BEA1B0FD1D60100CCFA82 /* NSArray+BSJSONAdditions.m */; };
		589BEA240FD1D60100CCFA82 /* NSDictionary+BSJSONAdditions.m in Sources */ = {isa = PBXBuildFile; fileRef = 589BEA1D0FD1D60100CCFA82 /* NSDictionary+BSJSONAdditions.m */; };
		589BEA250FD1D60100CCFA82 /* NSScanner+BSJSONAdditions.m in Sources */ = {isa = PBXBuildFile; fileRef = 589BEA1F0FD1D60100CCFA82 /* NSScanner+BSJSONAdditions.m */; };
		589BEA260FD1D60100CCFA82 /* NSString+BSJSONAdditions.m in Sources */ = {isa = PBXBuildFile; fileRef = 589BEA210FD1D60100CCFA82 /* NSString+BSJSONAdditions.m */; };
		589BEA2A0FD1D66700CCFA82 /* SFHFKeychainUtils.m in Sources */ = {isa = PBXBuildFile; fileRef = 589BEA290FD1D66700CCFA82 /* SFHFKeychainUtils.m */; };
		589BEA350FD2A0C100CCFA82 /* Security.framework in Frameworks */ = {isa = PBXBuildFile; fileRef = 589BEA340FD2A0C000CCFA82 /* Security.framework */; };
		58ACEFA71014ED9100426EA8 /* CommentsCell.xib in Resources */ = {isa = PBXBuildFile; fileRef = 58ACEFA61014ED9100426EA8 /* CommentsCell.xib */; };
		58AD921D1050335F007A5175 /* Entitlements.plist in Resources */ = {isa = PBXBuildFile; fileRef = 58AD921C1050335F007A5175 /* Entitlements.plist */; };
		58B082FD101BBB3B00D30C73 /* ActivityDateFormatter.m in Sources */ = {isa = PBXBuildFile; fileRef = 58B082FC101BBB3B00D30C73 /* ActivityDateFormatter.m */; };
		58B2D0CB1091CA6C00F7A801 /* ActivityManager.m in Sources */ = {isa = PBXBuildFile; fileRef = 58B2D0CA1091CA6C00F7A801 /* ActivityManager.m */; };
		58B2D1351091DCCC00F7A801 /* ProjectListController.m in Sources */ = {isa = PBXBuildFile; fileRef = 58B2D1341091DCCC00F7A801 /* ProjectListController.m */; };
		58C0A0F20FBA009D00AF8C14 /* Utils.m in Sources */ = {isa = PBXBuildFile; fileRef = 58C0A0F10FBA009D00AF8C14 /* Utils.m */; };
		58CA2D4E0FA7995E007A6A65 /* Request.m in Sources */ = {isa = PBXBuildFile; fileRef = 58CA2D4B0FA7995E007A6A65 /* Request.m */; };
		58CA2D4F0FA7995E007A6A65 /* RubyTimeConnector.m in Sources */ = {isa = PBXBuildFile; fileRef = 58CA2D4D0FA7995E007A6A65 /* RubyTimeConnector.m */; };
		58CA2DAE0FA7AE6A007A6A65 /* Activity.m in Sources */ = {isa = PBXBuildFile; fileRef = 58CA2DAD0FA7AE6A007A6A65 /* Activity.m */; };
		58E9FFC10FB22F9D00CDA046 /* Project.m in Sources */ = {isa = PBXBuildFile; fileRef = 58E9FFC00FB22F9D00CDA046 /* Project.m */; };
		58EB65700FBCEF4400717C36 /* ActivityDateDialog.xib in Resources */ = {isa = PBXBuildFile; fileRef = 58EB656F0FBCEF4400717C36 /* ActivityDateDialog.xib */; };
		58EB65BA0FBDE71100717C36 /* ActivityCommentsDialog.xib in Resources */ = {isa = PBXBuildFile; fileRef = 58EB65B90FBDE71100717C36 /* ActivityCommentsDialog.xib */; };
		58EBA4480FD45562004DBC6F /* Default.png in Resources */ = {isa = PBXBuildFile; fileRef = 58EBA4470FD45562004DBC6F /* Default.png */; };
		58F47A620FF6AB5F00A1F20F /* Icon.png in Resources */ = {isa = PBXBuildFile; fileRef = 58F47A610FF6AB5F00A1F20F /* Icon.png */; };
/* End PBXBuildFile section */

/* Begin PBXFileReference section */
		1D30AB110D05D00D00671497 /* Foundation.framework */ = {isa = PBXFileReference; lastKnownFileType = wrapper.framework; name = Foundation.framework; path = System/Library/Frameworks/Foundation.framework; sourceTree = SDKROOT; };
		1D6058910D05DD3D006BFB54 /* iRubyTime.app */ = {isa = PBXFileReference; explicitFileType = wrapper.application; includeInIndex = 0; path = iRubyTime.app; sourceTree = BUILT_PRODUCTS_DIR; };
		1DF5F4DF0D08C38300B7A737 /* UIKit.framework */ = {isa = PBXFileReference; lastKnownFileType = wrapper.framework; name = UIKit.framework; path = System/Library/Frameworks/UIKit.framework; sourceTree = SDKROOT; };
		2892E40F0DC94CBA00A64D0F /* CoreGraphics.framework */ = {isa = PBXFileReference; lastKnownFileType = wrapper.framework; name = CoreGraphics.framework; path = System/Library/Frameworks/CoreGraphics.framework; sourceTree = SDKROOT; };
		28A0AAE50D9B0CCF005BE974 /* RubyTime_Prefix.pch */ = {isa = PBXFileReference; fileEncoding = 4; lastKnownFileType = sourcecode.c.h; path = RubyTime_Prefix.pch; sourceTree = "<group>"; };
		29B97316FDCFA39411CA2CEA /* main.m */ = {isa = PBXFileReference; fileEncoding = 4; lastKnownFileType = sourcecode.c.objc; path = main.m; sourceTree = "<group>"; };
		5810634A10132BE600E8A540 /* ActivityLengthDialog.xib */ = {isa = PBXFileReference; lastKnownFileType = file.xib; path = ActivityLengthDialog.xib; sourceTree = "<group>"; };
		5810634F10132C7200E8A540 /* ActivityLengthDialogController.h */ = {isa = PBXFileReference; fileEncoding = 4; lastKnownFileType = sourcecode.c.h; path = ActivityLengthDialogController.h; sourceTree = "<group>"; };
		5810635010132C7200E8A540 /* ActivityLengthDialogController.m */ = {isa = PBXFileReference; fileEncoding = 4; lastKnownFileType = sourcecode.c.objc; path = ActivityLengthDialogController.m; sourceTree = "<group>"; };
		581063C510134B3900E8A540 /* ActivityDetailsController.h */ = {isa = PBXFileReference; fileEncoding = 4; lastKnownFileType = sourcecode.c.h; path = ActivityDetailsController.h; sourceTree = "<group>"; };
		581063C610134B3900E8A540 /* ActivityDetailsController.m */ = {isa = PBXFileReference; fileEncoding = 4; lastKnownFileType = sourcecode.c.objc; path = ActivityDetailsController.m; sourceTree = "<group>"; };
		581063EA1013595100E8A540 /* ShowActivityDialog.xib */ = {isa = PBXFileReference; lastKnownFileType = file.xib; path = ShowActivityDialog.xib; sourceTree = "<group>"; };
		58106415101361A400E8A540 /* QuartzCore.framework */ = {isa = PBXFileReference; lastKnownFileType = wrapper.framework; name = QuartzCore.framework; path = System/Library/Frameworks/QuartzCore.framework; sourceTree = SDKROOT; };
		5810641B101362CC00E8A540 /* LoadingView.h */ = {isa = PBXFileReference; fileEncoding = 4; lastKnownFileType = sourcecode.c.h; path = LoadingView.h; sourceTree = "<group>"; };
		5810641C101362CC00E8A540 /* LoadingView.m */ = {isa = PBXFileReference; fileEncoding = 4; lastKnownFileType = sourcecode.c.objc; path = LoadingView.m; sourceTree = "<group>"; };
		5831E83D0FB0B2A5008680E5 /* GlobalDataManager.h */ = {isa = PBXFileReference; fileEncoding = 4; lastKnownFileType = sourcecode.c.h; path = GlobalDataManager.h; sourceTree = "<group>"; };
		5831E83E0FB0B2A5008680E5 /* GlobalDataManager.m */ = {isa = PBXFileReference; fileEncoding = 4; lastKnownFileType = sourcecode.c.objc; path = GlobalDataManager.m; sourceTree = "<group>"; };
		5844CE610FC31FA8007F22FE /* README.markdown */ = {isa = PBXFileReference; fileEncoding = 4; lastKnownFileType = text; path = README.markdown; sourceTree = "<group>"; };
		586516600FFFB82500363BB2 /* ShowActivityDialogController.h */ = {isa = PBXFileReference; fileEncoding = 4; lastKnownFileType = sourcecode.c.h; path = ShowActivityDialogController.h; sourceTree = "<group>"; };
		586516610FFFB82500363BB2 /* ShowActivityDialogController.m */ = {isa = PBXFileReference; fileEncoding = 4; lastKnownFileType = sourcecode.c.objc; path = ShowActivityDialogController.m; sourceTree = "<group>"; };
		586DAE110FBB68CA00DBCF0A /* NewActivityDialog.xib */ = {isa = PBXFileReference; lastKnownFileType = file.xib; path = NewActivityDialog.xib; sourceTree = "<group>"; };
		588865C5108DD75400EEFCF9 /* Account.h */ = {isa = PBXFileReference; fileEncoding = 4; lastKnownFileType = sourcecode.c.h; path = Account.h; sourceTree = "<group>"; };
		588865C6108DD75400EEFCF9 /* Account.m */ = {isa = PBXFileReference; fileEncoding = 4; lastKnownFileType = sourcecode.c.objc; path = Account.m; sourceTree = "<group>"; };
		588867211090753E00EEFCF9 /* BaseViewController.h */ = {isa = PBXFileReference; fileEncoding = 4; lastKnownFileType = sourcecode.c.h; path = BaseViewController.h; sourceTree = "<group>"; };
		588867221090753E00EEFCF9 /* BaseViewController.m */ = {isa = PBXFileReference; fileEncoding = 4; lastKnownFileType = sourcecode.c.objc; path = BaseViewController.m; sourceTree = "<group>"; };
		5888687A1090AEF700EEFCF9 /* Images */ = {isa = PBXFileReference; lastKnownFileType = folder; path = Images; sourceTree = "<group>"; };
		588BAB020FADD47C00460689 /* MIT-LICENSE.txt */ = {isa = PBXFileReference; fileEncoding = 4; lastKnownFileType = text; path = "MIT-LICENSE.txt"; sourceTree = "<group>"; };
		588BAB0F0FADD78B00460689 /* ActivityCell.xib */ = {isa = PBXFileReference; lastKnownFileType = file.xib; path = ActivityCell.xib; sourceTree = "<group>"; };
		588BAB110FADD78B00460689 /* LoginDialog.xib */ = {isa = PBXFileReference; lastKnownFileType = file.xib; path = LoginDialog.xib; sourceTree = "<group>"; };
		588BAB120FADD78B00460689 /* MainWindow.xib */ = {isa = PBXFileReference; lastKnownFileType = file.xib; path = MainWindow.xib; sourceTree = "<group>"; };
		588BAB170FADD79B00460689 /* ActivityCell.h */ = {isa = PBXFileReference; fileEncoding = 4; lastKnownFileType = sourcecode.c.h; path = ActivityCell.h; sourceTree = "<group>"; };
		588BAB180FADD79B00460689 /* ActivityCell.m */ = {isa = PBXFileReference; fileEncoding = 4; lastKnownFileType = sourcecode.c.objc; path = ActivityCell.m; sourceTree = "<group>"; };
		589BE9D90FD1D52300CCFA82 /* NSDataMBBase64.h */ = {isa = PBXFileReference; fileEncoding = 4; lastKnownFileType = sourcecode.c.h; path = NSDataMBBase64.h; sourceTree = "<group>"; };
		589BE9DA0FD1D52300CCFA82 /* NSDataMBBase64.m */ = {isa = PBXFileReference; fileEncoding = 4; lastKnownFileType = sourcecode.c.objc; path = NSDataMBBase64.m; sourceTree = "<group>"; };
		589BE9DB0FD1D52300CCFA82 /* SFHFEditableCell.h */ = {isa = PBXFileReference; fileEncoding = 4; lastKnownFileType = sourcecode.c.h; path = SFHFEditableCell.h; sourceTree = "<group>"; };
		589BE9DC0FD1D52300CCFA82 /* SFHFEditableCell.m */ = {isa = PBXFileReference; fileEncoding = 4; lastKnownFileType = sourcecode.c.objc; path = SFHFEditableCell.m; sourceTree = "<group>"; };
		589BE9E10FD1D57C00CCFA82 /* ActivityCommentsDialogController.h */ = {isa = PBXFileReference; fileEncoding = 4; lastKnownFileType = sourcecode.c.h; path = ActivityCommentsDialogController.h; sourceTree = "<group>"; };
		589BE9E20FD1D57C00CCFA82 /* ActivityCommentsDialogController.m */ = {isa = PBXFileReference; fileEncoding = 4; lastKnownFileType = sourcecode.c.objc; path = ActivityCommentsDialogController.m; sourceTree = "<group>"; };
		589BE9E30FD1D57C00CCFA82 /* ActivityDateDialogController.h */ = {isa = PBXFileReference; fileEncoding = 4; lastKnownFileType = sourcecode.c.h; path = ActivityDateDialogController.h; sourceTree = "<group>"; };
		589BE9E40FD1D57C00CCFA82 /* ActivityDateDialogController.m */ = {isa = PBXFileReference; fileEncoding = 4; lastKnownFileType = sourcecode.c.objc; path = ActivityDateDialogController.m; sourceTree = "<group>"; };
		589BE9E50FD1D57C00CCFA82 /* ActivityListController.h */ = {isa = PBXFileReference; fileEncoding = 4; lastKnownFileType = sourcecode.c.h; path = ActivityListController.h; sourceTree = "<group>"; };
		589BE9E60FD1D57C00CCFA82 /* ActivityListController.m */ = {isa = PBXFileReference; fileEncoding = 4; lastKnownFileType = sourcecode.c.objc; path = ActivityListController.m; sourceTree = "<group>"; };
		589BE9E70FD1D57C00CCFA82 /* LoginDialogController.h */ = {isa = PBXFileReference; fileEncoding = 4; lastKnownFileType = sourcecode.c.h; path = LoginDialogController.h; sourceTree = "<group>"; };
		589BE9E80FD1D57C00CCFA82 /* LoginDialogController.m */ = {isa = PBXFileReference; fileEncoding = 4; lastKnownFileType = sourcecode.c.objc; path = LoginDialogController.m; sourceTree = "<group>"; };
		589BE9E90FD1D57C00CCFA82 /* NewActivityDialogController.h */ = {isa = PBXFileReference; fileEncoding = 4; lastKnownFileType = sourcecode.c.h; path = NewActivityDialogController.h; sourceTree = "<group>"; };
		589BE9EA0FD1D57C00CCFA82 /* NewActivityDialogController.m */ = {isa = PBXFileReference; fileEncoding = 4; lastKnownFileType = sourcecode.c.objc; path = NewActivityDialogController.m; sourceTree = "<group>"; };
		589BE9EB0FD1D57C00CCFA82 /* ProjectChoiceController.h */ = {isa = PBXFileReference; fileEncoding = 4; lastKnownFileType = sourcecode.c.h; path = ProjectChoiceController.h; sourceTree = "<group>"; };
		589BE9EC0FD1D57C00CCFA82 /* ProjectChoiceController.m */ = {isa = PBXFileReference; fileEncoding = 4; lastKnownFileType = sourcecode.c.objc; path = ProjectChoiceController.m; sourceTree = "<group>"; };
		589BE9ED0FD1D57C00CCFA82 /* RubyTimeAppDelegate.h */ = {isa = PBXFileReference; fileEncoding = 4; lastKnownFileType = sourcecode.c.h; path = RubyTimeAppDelegate.h; sourceTree = "<group>"; };
		589BE9EE0FD1D57C00CCFA82 /* RubyTimeAppDelegate.m */ = {isa = PBXFileReference; fileEncoding = 4; lastKnownFileType = sourcecode.c.objc; path = RubyTimeAppDelegate.m; sourceTree = "<group>"; };
		589BEA180FD1D60100CCFA82 /* BSJSONEncoder.h */ = {isa = PBXFileReference; fileEncoding = 4; lastKnownFileType = sourcecode.c.h; path = BSJSONEncoder.h; sourceTree = "<group>"; };
		589BEA190FD1D60100CCFA82 /* BSJSONEncoder.m */ = {isa = PBXFileReference; fileEncoding = 4; lastKnownFileType = sourcecode.c.objc; path = BSJSONEncoder.m; sourceTree = "<group>"; };
		589BEA1A0FD1D60100CCFA82 /* NSArray+BSJSONAdditions.h */ = {isa = PBXFileReference; fileEncoding = 4; lastKnownFileType = sourcecode.c.h; path = "NSArray+BSJSONAdditions.h"; sourceTree = "<group>"; };
		589BEA1B0FD1D60100CCFA82 /* NSArray+BSJSONAdditions.m */ = {isa = PBXFileReference; fileEncoding = 4; lastKnownFileType = sourcecode.c.objc; path = "NSArray+BSJSONAdditions.m"; sourceTree = "<group>"; };
		589BEA1C0FD1D60100CCFA82 /* NSDictionary+BSJSONAdditions.h */ = {isa = PBXFileReference; fileEncoding = 4; lastKnownFileType = sourcecode.c.h; path = "NSDictionary+BSJSONAdditions.h"; sourceTree = "<group>"; };
		589BEA1D0FD1D60100CCFA82 /* NSDictionary+BSJSONAdditions.m */ = {isa = PBXFileReference; fileEncoding = 4; lastKnownFileType = sourcecode.c.objc; path = "NSDictionary+BSJSONAdditions.m"; sourceTree = "<group>"; };
		589BEA1E0FD1D60100CCFA82 /* NSScanner+BSJSONAdditions.h */ = {isa = PBXFileReference; fileEncoding = 4; lastKnownFileType = sourcecode.c.h; path = "NSScanner+BSJSONAdditions.h"; sourceTree = "<group>"; };
		589BEA1F0FD1D60100CCFA82 /* NSScanner+BSJSONAdditions.m */ = {isa = PBXFileReference; fileEncoding = 4; lastKnownFileType = sourcecode.c.objc; path = "NSScanner+BSJSONAdditions.m"; sourceTree = "<group>"; };
		589BEA200FD1D60100CCFA82 /* NSString+BSJSONAdditions.h */ = {isa = PBXFileReference; fileEncoding = 4; lastKnownFileType = sourcecode.c.h; path = "NSString+BSJSONAdditions.h"; sourceTree = "<group>"; };
		589BEA210FD1D60100CCFA82 /* NSString+BSJSONAdditions.m */ = {isa = PBXFileReference; fileEncoding = 4; lastKnownFileType = sourcecode.c.objc; path = "NSString+BSJSONAdditions.m"; sourceTree = "<group>"; };
		589BEA280FD1D66700CCFA82 /* SFHFKeychainUtils.h */ = {isa = PBXFileReference; fileEncoding = 4; lastKnownFileType = sourcecode.c.h; path = SFHFKeychainUtils.h; sourceTree = "<group>"; };
		589BEA290FD1D66700CCFA82 /* SFHFKeychainUtils.m */ = {isa = PBXFileReference; fileEncoding = 4; lastKnownFileType = sourcecode.c.objc; path = SFHFKeychainUtils.m; sourceTree = "<group>"; };
		589BEA340FD2A0C000CCFA82 /* Security.framework */ = {isa = PBXFileReference; lastKnownFileType = wrapper.framework; name = Security.framework; path = System/Library/Frameworks/Security.framework; sourceTree = SDKROOT; };
		58ACEFA61014ED9100426EA8 /* CommentsCell.xib */ = {isa = PBXFileReference; lastKnownFileType = file.xib; path = CommentsCell.xib; sourceTree = "<group>"; };
		58AD921C1050335F007A5175 /* Entitlements.plist */ = {isa = PBXFileReference; fileEncoding = 4; lastKnownFileType = text.plist.xml; path = Entitlements.plist; sourceTree = "<group>"; };
		58B082FB101BBB3B00D30C73 /* ActivityDateFormatter.h */ = {isa = PBXFileReference; fileEncoding = 4; lastKnownFileType = sourcecode.c.h; path = ActivityDateFormatter.h; sourceTree = "<group>"; };
		58B082FC101BBB3B00D30C73 /* ActivityDateFormatter.m */ = {isa = PBXFileReference; fileEncoding = 4; lastKnownFileType = sourcecode.c.objc; path = ActivityDateFormatter.m; sourceTree = "<group>"; };
		58B2D0C91091CA6C00F7A801 /* ActivityManager.h */ = {isa = PBXFileReference; fileEncoding = 4; lastKnownFileType = sourcecode.c.h; path = ActivityManager.h; sourceTree = "<group>"; };
		58B2D0CA1091CA6C00F7A801 /* ActivityManager.m */ = {isa = PBXFileReference; fileEncoding = 4; lastKnownFileType = sourcecode.c.objc; path = ActivityManager.m; sourceTree = "<group>"; };
		58B2D1331091DCCC00F7A801 /* ProjectListController.h */ = {isa = PBXFileReference; fileEncoding = 4; lastKnownFileType = sourcecode.c.h; path = ProjectListController.h; sourceTree = "<group>"; };
		58B2D1341091DCCC00F7A801 /* ProjectListController.m */ = {isa = PBXFileReference; fileEncoding = 4; lastKnownFileType = sourcecode.c.objc; path = ProjectListController.m; sourceTree = "<group>"; };
		58C0A0F00FBA009D00AF8C14 /* Utils.h */ = {isa = PBXFileReference; fileEncoding = 4; lastKnownFileType = sourcecode.c.h; path = Utils.h; sourceTree = "<group>"; };
		58C0A0F10FBA009D00AF8C14 /* Utils.m */ = {isa = PBXFileReference; fileEncoding = 4; lastKnownFileType = sourcecode.c.objc; path = Utils.m; sourceTree = "<group>"; };
		58CA2D4A0FA7995E007A6A65 /* Request.h */ = {isa = PBXFileReference; fileEncoding = 4; lastKnownFileType = sourcecode.c.h; path = Request.h; sourceTree = "<group>"; };
		58CA2D4B0FA7995E007A6A65 /* Request.m */ = {isa = PBXFileReference; fileEncoding = 4; lastKnownFileType = sourcecode.c.objc; path = Request.m; sourceTree = "<group>"; };
		58CA2D4C0FA7995E007A6A65 /* RubyTimeConnector.h */ = {isa = PBXFileReference; fileEncoding = 4; lastKnownFileType = sourcecode.c.h; path = RubyTimeConnector.h; sourceTree = "<group>"; };
		58CA2D4D0FA7995E007A6A65 /* RubyTimeConnector.m */ = {isa = PBXFileReference; fileEncoding = 4; lastKnownFileType = sourcecode.c.objc; path = RubyTimeConnector.m; sourceTree = "<group>"; };
		58CA2DAC0FA7AE6A007A6A65 /* Activity.h */ = {isa = PBXFileReference; fileEncoding = 4; lastKnownFileType = sourcecode.c.h; path = Activity.h; sourceTree = "<group>"; };
		58CA2DAD0FA7AE6A007A6A65 /* Activity.m */ = {isa = PBXFileReference; fileEncoding = 4; lastKnownFileType = sourcecode.c.objc; path = Activity.m; sourceTree = "<group>"; };
		58E9FFBF0FB22F9D00CDA046 /* Project.h */ = {isa = PBXFileReference; fileEncoding = 4; lastKnownFileType = sourcecode.c.h; path = Project.h; sourceTree = "<group>"; };
		58E9FFC00FB22F9D00CDA046 /* Project.m */ = {isa = PBXFileReference; fileEncoding = 4; lastKnownFileType = sourcecode.c.objc; path = Project.m; sourceTree = "<group>"; };
		58EB656F0FBCEF4400717C36 /* ActivityDateDialog.xib */ = {isa = PBXFileReference; lastKnownFileType = file.xib; path = ActivityDateDialog.xib; sourceTree = "<group>"; };
		58EB65B90FBDE71100717C36 /* ActivityCommentsDialog.xib */ = {isa = PBXFileReference; lastKnownFileType = file.xib; path = ActivityCommentsDialog.xib; sourceTree = "<group>"; };
		58EBA4470FD45562004DBC6F /* Default.png */ = {isa = PBXFileReference; lastKnownFileType = image.png; path = Default.png; sourceTree = "<group>"; };
		58F47A610FF6AB5F00A1F20F /* Icon.png */ = {isa = PBXFileReference; lastKnownFileType = image.png; path = Icon.png; sourceTree = "<group>"; };
		8D1107310486CEB800E47090 /* Info.plist */ = {isa = PBXFileReference; fileEncoding = 4; lastKnownFileType = text.plist.xml; path = Info.plist; sourceTree = "<group>"; };
/* End PBXFileReference section */

/* Begin PBXFrameworksBuildPhase section */
		1D60588F0D05DD3D006BFB54 /* Frameworks */ = {
			isa = PBXFrameworksBuildPhase;
			buildActionMask = 2147483647;
			files = (
				1D60589F0D05DD5A006BFB54 /* Foundation.framework in Frameworks */,
				1DF5F4E00D08C38300B7A737 /* UIKit.framework in Frameworks */,
				2892E4100DC94CBA00A64D0F /* CoreGraphics.framework in Frameworks */,
				589BEA350FD2A0C100CCFA82 /* Security.framework in Frameworks */,
				58106416101361A400E8A540 /* QuartzCore.framework in Frameworks */,
			);
			runOnlyForDeploymentPostprocessing = 0;
		};
/* End PBXFrameworksBuildPhase section */

/* Begin PBXGroup section */
		19C28FACFE9D520D11CA2CBB /* Products */ = {
			isa = PBXGroup;
			children = (
				1D6058910D05DD3D006BFB54 /* iRubyTime.app */,
			);
			name = Products;
			sourceTree = "<group>";
		};
		29B97314FDCFA39411CA2CEA /* CustomTemplate */ = {
			isa = PBXGroup;
			children = (
				58CA2D3B0FA78DD8007A6A65 /* Backend */,
				589BE9E00FD1D55C00CCFA82 /* Controllers */,
				589BE9CC0FD1D4C800CCFA82 /* Lib */,
				588BAB0E0FADD76E00460689 /* Views */,
				58CA2DAB0FA7AE54007A6A65 /* Models */,
				29B97315FDCFA39411CA2CEA /* Other Sources */,
				29B97317FDCFA39411CA2CEA /* Resources */,
				29B97323FDCFA39411CA2CEA /* Frameworks */,
				19C28FACFE9D520D11CA2CBB /* Products */,
			);
			name = CustomTemplate;
			sourceTree = "<group>";
		};
		29B97315FDCFA39411CA2CEA /* Other Sources */ = {
			isa = PBXGroup;
			children = (
				29B97316FDCFA39411CA2CEA /* main.m */,
				58C0A0F00FBA009D00AF8C14 /* Utils.h */,
				58C0A0F10FBA009D00AF8C14 /* Utils.m */,
				28A0AAE50D9B0CCF005BE974 /* RubyTime_Prefix.pch */,
			);
			name = "Other Sources";
			sourceTree = "<group>";
		};
		29B97317FDCFA39411CA2CEA /* Resources */ = {
			isa = PBXGroup;
			children = (
				5888687A1090AEF700EEFCF9 /* Images */,
				58AD921C1050335F007A5175 /* Entitlements.plist */,
				58F47A610FF6AB5F00A1F20F /* Icon.png */,
				5844CE610FC31FA8007F22FE /* README.markdown */,
				588BAB020FADD47C00460689 /* MIT-LICENSE.txt */,
				8D1107310486CEB800E47090 /* Info.plist */,
				58EBA4470FD45562004DBC6F /* Default.png */,
			);
			name = Resources;
			sourceTree = "<group>";
		};
		29B97323FDCFA39411CA2CEA /* Frameworks */ = {
			isa = PBXGroup;
			children = (
				58106415101361A400E8A540 /* QuartzCore.framework */,
				589BEA340FD2A0C000CCFA82 /* Security.framework */,
				1DF5F4DF0D08C38300B7A737 /* UIKit.framework */,
				1D30AB110D05D00D00671497 /* Foundation.framework */,
				2892E40F0DC94CBA00A64D0F /* CoreGraphics.framework */,
			);
			name = Frameworks;
			sourceTree = "<group>";
		};
		588BAB0E0FADD76E00460689 /* Views */ = {
			isa = PBXGroup;
			children = (
				58EB65B90FBDE71100717C36 /* ActivityCommentsDialog.xib */,
				58EB656F0FBCEF4400717C36 /* ActivityDateDialog.xib */,
				588BAB110FADD78B00460689 /* LoginDialog.xib */,
				588BAB120FADD78B00460689 /* MainWindow.xib */,
				586DAE110FBB68CA00DBCF0A /* NewActivityDialog.xib */,
				588BAB0F0FADD78B00460689 /* ActivityCell.xib */,
				588BAB170FADD79B00460689 /* ActivityCell.h */,
				588BAB180FADD79B00460689 /* ActivityCell.m */,
				5810634A10132BE600E8A540 /* ActivityLengthDialog.xib */,
				581063EA1013595100E8A540 /* ShowActivityDialog.xib */,
				58ACEFA61014ED9100426EA8 /* CommentsCell.xib */,
			);
			path = Views;
			sourceTree = "<group>";
		};
		589BE9CC0FD1D4C800CCFA82 /* Lib */ = {
			isa = PBXGroup;
			children = (
				589BEA170FD1D5DD00CCFA82 /* BSJSONAdditions */,
				5810641B101362CC00E8A540 /* LoadingView.h */,
				5810641C101362CC00E8A540 /* LoadingView.m */,
				589BE9D90FD1D52300CCFA82 /* NSDataMBBase64.h */,
				589BE9DA0FD1D52300CCFA82 /* NSDataMBBase64.m */,
				589BE9DB0FD1D52300CCFA82 /* SFHFEditableCell.h */,
				589BE9DC0FD1D52300CCFA82 /* SFHFEditableCell.m */,
				589BEA280FD1D66700CCFA82 /* SFHFKeychainUtils.h */,
				589BEA290FD1D66700CCFA82 /* SFHFKeychainUtils.m */,
			);
			path = Lib;
			sourceTree = "<group>";
		};
		589BE9E00FD1D55C00CCFA82 /* Controllers */ = {
			isa = PBXGroup;
			children = (
				589BE9E10FD1D57C00CCFA82 /* ActivityCommentsDialogController.h */,
				589BE9E20FD1D57C00CCFA82 /* ActivityCommentsDialogController.m */,
				589BE9E30FD1D57C00CCFA82 /* ActivityDateDialogController.h */,
				589BE9E40FD1D57C00CCFA82 /* ActivityDateDialogController.m */,
				581063C510134B3900E8A540 /* ActivityDetailsController.h */,
				581063C610134B3900E8A540 /* ActivityDetailsController.m */,
				5810634F10132C7200E8A540 /* ActivityLengthDialogController.h */,
				5810635010132C7200E8A540 /* ActivityLengthDialogController.m */,
				589BE9E50FD1D57C00CCFA82 /* ActivityListController.h */,
				589BE9E60FD1D57C00CCFA82 /* ActivityListController.m */,
				588867211090753E00EEFCF9 /* BaseViewController.h */,
				588867221090753E00EEFCF9 /* BaseViewController.m */,
				589BE9E70FD1D57C00CCFA82 /* LoginDialogController.h */,
				589BE9E80FD1D57C00CCFA82 /* LoginDialogController.m */,
				589BE9E90FD1D57C00CCFA82 /* NewActivityDialogController.h */,
				589BE9EA0FD1D57C00CCFA82 /* NewActivityDialogController.m */,
				589BE9EB0FD1D57C00CCFA82 /* ProjectChoiceController.h */,
				589BE9EC0FD1D57C00CCFA82 /* ProjectChoiceController.m */,
				58B2D1331091DCCC00F7A801 /* ProjectListController.h */,
				58B2D1341091DCCC00F7A801 /* ProjectListController.m */,
				589BE9ED0FD1D57C00CCFA82 /* RubyTimeAppDelegate.h */,
				589BE9EE0FD1D57C00CCFA82 /* RubyTimeAppDelegate.m */,
				586516600FFFB82500363BB2 /* ShowActivityDialogController.h */,
				586516610FFFB82500363BB2 /* ShowActivityDialogController.m */,
			);
			path = Controllers;
			sourceTree = "<group>";
		};
		589BEA170FD1D5DD00CCFA82 /* BSJSONAdditions */ = {
			isa = PBXGroup;
			children = (
				589BEA180FD1D60100CCFA82 /* BSJSONEncoder.h */,
				589BEA190FD1D60100CCFA82 /* BSJSONEncoder.m */,
				589BEA1A0FD1D60100CCFA82 /* NSArray+BSJSONAdditions.h */,
				589BEA1B0FD1D60100CCFA82 /* NSArray+BSJSONAdditions.m */,
				589BEA1C0FD1D60100CCFA82 /* NSDictionary+BSJSONAdditions.h */,
				589BEA1D0FD1D60100CCFA82 /* NSDictionary+BSJSONAdditions.m */,
				589BEA1E0FD1D60100CCFA82 /* NSScanner+BSJSONAdditions.h */,
				589BEA1F0FD1D60100CCFA82 /* NSScanner+BSJSONAdditions.m */,
				589BEA200FD1D60100CCFA82 /* NSString+BSJSONAdditions.h */,
				589BEA210FD1D60100CCFA82 /* NSString+BSJSONAdditions.m */,
			);
			path = BSJSONAdditions;
			sourceTree = "<group>";
		};
		58CA2D3B0FA78DD8007A6A65 /* Backend */ = {
			isa = PBXGroup;
			children = (
				588865C5108DD75400EEFCF9 /* Account.h */,
				588865C6108DD75400EEFCF9 /* Account.m */,
				58B2D0C91091CA6C00F7A801 /* ActivityManager.h */,
				58B2D0CA1091CA6C00F7A801 /* ActivityManager.m */,
				5831E83D0FB0B2A5008680E5 /* GlobalDataManager.h */,
				5831E83E0FB0B2A5008680E5 /* GlobalDataManager.m */,
				58CA2D4A0FA7995E007A6A65 /* Request.h */,
				58CA2D4B0FA7995E007A6A65 /* Request.m */,
				58CA2D4C0FA7995E007A6A65 /* RubyTimeConnector.h */,
				58CA2D4D0FA7995E007A6A65 /* RubyTimeConnector.m */,
			);
			path = Backend;
			sourceTree = "<group>";
		};
		58CA2DAB0FA7AE54007A6A65 /* Models */ = {
			isa = PBXGroup;
			children = (
				58CA2DAC0FA7AE6A007A6A65 /* Activity.h */,
				58CA2DAD0FA7AE6A007A6A65 /* Activity.m */,
				58E9FFBF0FB22F9D00CDA046 /* Project.h */,
				58E9FFC00FB22F9D00CDA046 /* Project.m */,
				58B082FB101BBB3B00D30C73 /* ActivityDateFormatter.h */,
				58B082FC101BBB3B00D30C73 /* ActivityDateFormatter.m */,
			);
			path = Models;
			sourceTree = "<group>";
		};
/* End PBXGroup section */

/* Begin PBXNativeTarget section */
		1D6058900D05DD3D006BFB54 /* RubyTime */ = {
			isa = PBXNativeTarget;
			buildConfigurationList = 1D6058960D05DD3E006BFB54 /* Build configuration list for PBXNativeTarget "RubyTime" */;
			buildPhases = (
				1D60588D0D05DD3D006BFB54 /* Resources */,
				1D60588E0D05DD3D006BFB54 /* Sources */,
				1D60588F0D05DD3D006BFB54 /* Frameworks */,
			);
			buildRules = (
			);
			dependencies = (
			);
			name = RubyTime;
			productName = RubyTime;
			productReference = 1D6058910D05DD3D006BFB54 /* iRubyTime.app */;
			productType = "com.apple.product-type.application";
		};
/* End PBXNativeTarget section */

/* Begin PBXProject section */
		29B97313FDCFA39411CA2CEA /* Project object */ = {
			isa = PBXProject;
			buildConfigurationList = C01FCF4E08A954540054247B /* Build configuration list for PBXProject "RubyTime" */;
			compatibilityVersion = "Xcode 3.1";
			hasScannedForEncodings = 1;
			knownRegions = (
				English,
				Japanese,
				French,
				German,
				en,
			);
			mainGroup = 29B97314FDCFA39411CA2CEA /* CustomTemplate */;
			projectDirPath = "";
			projectRoot = "";
			targets = (
				1D6058900D05DD3D006BFB54 /* RubyTime */,
			);
		};
/* End PBXProject section */

/* Begin PBXResourcesBuildPhase section */
		1D60588D0D05DD3D006BFB54 /* Resources */ = {
			isa = PBXResourcesBuildPhase;
			buildActionMask = 2147483647;
			files = (
				588BAB040FADD47C00460689 /* MIT-LICENSE.txt in Resources */,
				588BAB130FADD78B00460689 /* ActivityCell.xib in Resources */,
				588BAB150FADD78B00460689 /* LoginDialog.xib in Resources */,
				588BAB160FADD78B00460689 /* MainWindow.xib in Resources */,
				586DAE120FBB68CA00DBCF0A /* NewActivityDialog.xib in Resources */,
				58EB65700FBCEF4400717C36 /* ActivityDateDialog.xib in Resources */,
				58EB65BA0FBDE71100717C36 /* ActivityCommentsDialog.xib in Resources */,
				5844CE620FC31FA8007F22FE /* README.markdown in Resources */,
				58EBA4480FD45562004DBC6F /* Default.png in Resources */,
				58F47A620FF6AB5F00A1F20F /* Icon.png in Resources */,
				5810634B10132BE600E8A540 /* ActivityLengthDialog.xib in Resources */,
				581063EB1013595100E8A540 /* ShowActivityDialog.xib in Resources */,
				58ACEFA71014ED9100426EA8 /* CommentsCell.xib in Resources */,
				58AD921D1050335F007A5175 /* Entitlements.plist in Resources */,
				5888687D1090AEF700EEFCF9 /* Images in Resources */,
			);
			runOnlyForDeploymentPostprocessing = 0;
		};
/* End PBXResourcesBuildPhase section */

/* Begin PBXSourcesBuildPhase section */
		1D60588E0D05DD3D006BFB54 /* Sources */ = {
			isa = PBXSourcesBuildPhase;
			buildActionMask = 2147483647;
			files = (
				1D60589B0D05DD56006BFB54 /* main.m in Sources */,
				58CA2D4E0FA7995E007A6A65 /* Request.m in Sources */,
				58CA2D4F0FA7995E007A6A65 /* RubyTimeConnector.m in Sources */,
				58CA2DAE0FA7AE6A007A6A65 /* Activity.m in Sources */,
				588BAB190FADD79B00460689 /* ActivityCell.m in Sources */,
				5831E83F0FB0B2A5008680E5 /* GlobalDataManager.m in Sources */,
				58E9FFC10FB22F9D00CDA046 /* Project.m in Sources */,
				58C0A0F20FBA009D00AF8C14 /* Utils.m in Sources */,
				589BE9DE0FD1D52300CCFA82 /* NSDataMBBase64.m in Sources */,
				589BE9DF0FD1D52300CCFA82 /* SFHFEditableCell.m in Sources */,
				589BE9EF0FD1D57C00CCFA82 /* ActivityCommentsDialogController.m in Sources */,
				589BE9F00FD1D57C00CCFA82 /* ActivityDateDialogController.m in Sources */,
				589BE9F10FD1D57C00CCFA82 /* ActivityListController.m in Sources */,
				589BE9F20FD1D57C00CCFA82 /* LoginDialogController.m in Sources */,
				589BE9F30FD1D57C00CCFA82 /* NewActivityDialogController.m in Sources */,
				589BE9F40FD1D57C00CCFA82 /* ProjectChoiceController.m in Sources */,
				589BE9F50FD1D57C00CCFA82 /* RubyTimeAppDelegate.m in Sources */,
				589BEA220FD1D60100CCFA82 /* BSJSONEncoder.m in Sources */,
				589BEA230FD1D60100CCFA82 /* NSArray+BSJSONAdditions.m in Sources */,
				589BEA240FD1D60100CCFA82 /* NSDictionary+BSJSONAdditions.m in Sources */,
				589BEA250FD1D60100CCFA82 /* NSScanner+BSJSONAdditions.m in Sources */,
				589BEA260FD1D60100CCFA82 /* NSString+BSJSONAdditions.m in Sources */,
				589BEA2A0FD1D66700CCFA82 /* SFHFKeychainUtils.m in Sources */,
				586516620FFFB82500363BB2 /* ShowActivityDialogController.m in Sources */,
				5810635110132C7200E8A540 /* ActivityLengthDialogController.m in Sources */,
				581063C710134B3900E8A540 /* ActivityDetailsController.m in Sources */,
				5810641D101362CC00E8A540 /* LoadingView.m in Sources */,
				58B082FD101BBB3B00D30C73 /* ActivityDateFormatter.m in Sources */,
				588865C7108DD75400EEFCF9 /* Account.m in Sources */,
				588867231090753E00EEFCF9 /* BaseViewController.m in Sources */,
				58B2D0CB1091CA6C00F7A801 /* ActivityManager.m in Sources */,
				58B2D1351091DCCC00F7A801 /* ProjectListController.m in Sources */,
			);
			runOnlyForDeploymentPostprocessing = 0;
		};
/* End PBXSourcesBuildPhase section */

/* Begin XCBuildConfiguration section */
		1D6058940D05DD3E006BFB54 /* Debug */ = {
			isa = XCBuildConfiguration;
			buildSettings = {
				ALWAYS_SEARCH_USER_PATHS = NO;
				COPY_PHASE_STRIP = NO;
				GCC_DYNAMIC_NO_PIC = NO;
				GCC_OPTIMIZATION_LEVEL = 0;
				GCC_PRECOMPILE_PREFIX_HEADER = YES;
				GCC_PREFIX_HEADER = RubyTime_Prefix.pch;
				GCC_TREAT_WARNINGS_AS_ERRORS = YES;
				INFOPLIST_FILE = Info.plist;
				PRODUCT_NAME = iRubyTime;
			};
			name = Debug;
		};
		1D6058950D05DD3E006BFB54 /* Release */ = {
			isa = XCBuildConfiguration;
			buildSettings = {
				ALWAYS_SEARCH_USER_PATHS = NO;
				COPY_PHASE_STRIP = YES;
				GCC_PRECOMPILE_PREFIX_HEADER = YES;
				GCC_PREFIX_HEADER = RubyTime_Prefix.pch;
				GCC_TREAT_WARNINGS_AS_ERRORS = YES;
				INFOPLIST_FILE = Info.plist;
				PRODUCT_NAME = iRubyTime;
			};
			name = Release;
		};
		C01FCF4F08A954540054247B /* Debug */ = {
			isa = XCBuildConfiguration;
			buildSettings = {
				ARCHS = "$(ARCHS_STANDARD_32_BIT)";
				"CODE_SIGN_IDENTITY[sdk=iphoneos*]" = "iPhone Developer: Jakub Suder";
				GCC_C_LANGUAGE_STANDARD = c99;
				GCC_WARN_ABOUT_RETURN_TYPE = YES;
				GCC_WARN_UNUSED_VARIABLE = YES;
				ONLY_ACTIVE_ARCH = YES;
				PREBINDING = NO;
				"PROVISIONING_PROFILE[sdk=iphoneos*]" = "";
				SDKROOT = iphoneos2.2.1;
			};
			name = Debug;
		};
		C01FCF5008A954540054247B /* Release */ = {
			isa = XCBuildConfiguration;
			buildSettings = {
				ARCHS = "$(ARCHS_STANDARD_32_BIT)";
				"CODE_SIGN_IDENTITY[sdk=iphoneos*]" = "iPhone Developer";
				GCC_C_LANGUAGE_STANDARD = c99;
				GCC_WARN_ABOUT_RETURN_TYPE = YES;
				GCC_WARN_UNUSED_VARIABLE = YES;
				PREBINDING = NO;
				SDKROOT = iphoneos2.2.1;
			};
			name = Release;
		};
		F8976FBD10874C990042237F /* Distribution */ = {
			isa = XCBuildConfiguration;
			buildSettings = {
				ARCHS = "$(ARCHS_STANDARD_32_BIT)";
				"CODE_SIGN_IDENTITY[sdk=iphoneos*]" = "iPhone Developer";
				GCC_C_LANGUAGE_STANDARD = c99;
				GCC_WARN_ABOUT_RETURN_TYPE = YES;
				GCC_WARN_UNUSED_VARIABLE = YES;
				PREBINDING = NO;
				SDKROOT = iphoneos2.2.1;
			};
			name = Distribution;
		};
		F8976FBE10874C990042237F /* Distribution */ = {
			isa = XCBuildConfiguration;
			buildSettings = {
				ALWAYS_SEARCH_USER_PATHS = NO;
				COPY_PHASE_STRIP = YES;
				GCC_PRECOMPILE_PREFIX_HEADER = YES;
				GCC_PREFIX_HEADER = RubyTime_Prefix.pch;
				GCC_TREAT_WARNINGS_AS_ERRORS = YES;
				INFOPLIST_FILE = Info.plist;
				PRODUCT_NAME = iRubyTime;
			};
			name = Distribution;
		};
/* End XCBuildConfiguration section */

/* Begin XCConfigurationList section */
		1D6058960D05DD3E006BFB54 /* Build configuration list for PBXNativeTarget "RubyTime" */ = {
			isa = XCConfigurationList;
			buildConfigurations = (
				1D6058940D05DD3E006BFB54 /* Debug */,
				1D6058950D05DD3E006BFB54 /* Release */,
				F8976FBE10874C990042237F /* Distribution */,
			);
			defaultConfigurationIsVisible = 0;
			defaultConfigurationName = Release;
		};
		C01FCF4E08A954540054247B /* Build configuration list for PBXProject "RubyTime" */ = {
			isa = XCConfigurationList;
			buildConfigurations = (
				C01FCF4F08A954540054247B /* Debug */,
				C01FCF5008A954540054247B /* Release */,
				F8976FBD10874C990042237F /* Distribution */,
			);
			defaultConfigurationIsVisible = 0;
			defaultConfigurationName = Release;
		};
/* End XCConfigurationList section */
	};
	rootObject = 29B97313FDCFA39411CA2CEA /* Project object */;
}
