// !$*UTF8*$!
{
	archiveVersion = 1;
	classes = {
	};
	objectVersion = 45;
	objects = {

/* Begin PBXBuildFile section */
		1D60589B0D05DD56006BFB54 /* main.m in Sources */ = {isa = PBXBuildFile; fileRef = 29B97316FDCFA39411CA2CEA /* main.m */; };
		5810634B10132BE600E8A540 /* ActivityLengthDialog.xib in Resources */ = {isa = PBXBuildFile; fileRef = 5810634A10132BE600E8A540 /* ActivityLengthDialog.xib */; };
		581063EB1013595100E8A540 /* ShowActivityDialog.xib in Resources */ = {isa = PBXBuildFile; fileRef = 581063EA1013595100E8A540 /* ShowActivityDialog.xib */; };
		5810641D101362CC00E8A540 /* LoadingView.m in Sources */ = {isa = PBXBuildFile; fileRef = 5810641C101362CC00E8A540 /* LoadingView.m */; };
		5831CB8812EDFBC0008169A7 /* PSFoundationExtensions.m in Sources */ = {isa = PBXBuildFile; fileRef = 5831CB4A12EDFBC0008169A7 /* PSFoundationExtensions.m */; };
		5831CB8912EDFBC0008169A7 /* PSIntArray.m in Sources */ = {isa = PBXBuildFile; fileRef = 5831CB4C12EDFBC0008169A7 /* PSIntArray.m */; };
		5831CB9D12EDFBC0008169A7 /* PSCocoaExtensions.m in Sources */ = {isa = PBXBuildFile; fileRef = 5831CB6412EDFBC0008169A7 /* PSCocoaExtensions.m */; };
		5831CB9E12EDFBC0008169A7 /* generate_bridges.sh in Resources */ = {isa = PBXBuildFile; fileRef = 5831CB6512EDFBC0008169A7 /* generate_bridges.sh */; };
		5831CBA012EDFBC0008169A7 /* PSAccount.m in Sources */ = {isa = PBXBuildFile; fileRef = 5831CB6912EDFBC0008169A7 /* PSAccount.m */; };
		5831CBA112EDFBC0008169A7 /* PSModel.m in Sources */ = {isa = PBXBuildFile; fileRef = 5831CB6B12EDFBC0008169A7 /* PSModel.m */; };
		5831CBA212EDFBC0008169A7 /* PSModelManager.m in Sources */ = {isa = PBXBuildFile; fileRef = 5831CB6D12EDFBC0008169A7 /* PSModelManager.m */; };
		5831CBA312EDFBC0008169A7 /* PSConnector.m in Sources */ = {isa = PBXBuildFile; fileRef = 5831CB7012EDFBC0008169A7 /* PSConnector.m */; };
		5831CBA412EDFBC0008169A7 /* PSPathBuilder.m in Sources */ = {isa = PBXBuildFile; fileRef = 5831CB7412EDFBC0008169A7 /* PSPathBuilder.m */; };
		5831CBA512EDFBC0008169A7 /* PSRequest.m in Sources */ = {isa = PBXBuildFile; fileRef = 5831CB7612EDFBC0008169A7 /* PSRequest.m */; };
		5831CBA612EDFBC0008169A7 /* PSResponse.m in Sources */ = {isa = PBXBuildFile; fileRef = 5831CB7812EDFBC0008169A7 /* PSResponse.m */; };
		5831CBA712EDFBC0008169A7 /* PSRestRouter.m in Sources */ = {isa = PBXBuildFile; fileRef = 5831CB7A12EDFBC0008169A7 /* PSRestRouter.m */; };
		5831CBA912EDFBC0008169A7 /* PSSecurityExtensions.m in Sources */ = {isa = PBXBuildFile; fileRef = 5831CB8012EDFBC0008169A7 /* PSSecurityExtensions.m */; };
		5831CBAA12EDFBC0008169A7 /* SDKeychain.m in Sources */ = {isa = PBXBuildFile; fileRef = 5831CB8212EDFBC0008169A7 /* SDKeychain.m */; };
		5831CBAB12EDFBC0008169A7 /* SFHFKeychainUtils.m in Sources */ = {isa = PBXBuildFile; fileRef = 5831CB8412EDFBC0008169A7 /* SFHFKeychainUtils.m */; };
		5831CBAC12EDFBC0008169A7 /* PSUIExtensions.m in Sources */ = {isa = PBXBuildFile; fileRef = 5831CB8712EDFBC0008169A7 /* PSUIExtensions.m */; };
		5833BEB41095D9C800A5530E /* UserListController.m in Sources */ = {isa = PBXBuildFile; fileRef = 5833BEB31095D9C800A5530E /* UserListController.m */; };
		5833BEC11095E7F600A5530E /* User.m in Sources */ = {isa = PBXBuildFile; fileRef = 5833BEC01095E7F600A5530E /* User.m */; };
		5833BED01095EA4400A5530E /* Account.m in Sources */ = {isa = PBXBuildFile; fileRef = 5833BECF1095EA4400A5530E /* Account.m */; };
		5833BF691095F8AC00A5530E /* UIKit.framework in Frameworks */ = {isa = PBXBuildFile; fileRef = 5833BF681095F8AC00A5530E /* UIKit.framework */; };
		5833BF6D1095F90F00A5530E /* QuartzCore.framework in Frameworks */ = {isa = PBXBuildFile; fileRef = 5833BF6C1095F90F00A5530E /* QuartzCore.framework */; };
		5833BF731095F91800A5530E /* CoreGraphics.framework in Frameworks */ = {isa = PBXBuildFile; fileRef = 5833BF721095F91800A5530E /* CoreGraphics.framework */; };
		5833C0D11095F98A00A5530E /* Foundation.framework in Frameworks */ = {isa = PBXBuildFile; fileRef = 5833C0D01095F98A00A5530E /* Foundation.framework */; };
		583BB00912D11283002AD442 /* Security.framework in Frameworks */ = {isa = PBXBuildFile; fileRef = 583BB00812D11283002AD442 /* Security.framework */; };
		58420FD2109EFD1600F90AFB /* ShowMoreCell.xib in Resources */ = {isa = PBXBuildFile; fileRef = 58420FD1109EFD1600F90AFB /* ShowMoreCell.xib */; };
		5842111310A06EE100F90AFB /* Images in Resources */ = {isa = PBXBuildFile; fileRef = 5842110C10A06EE100F90AFB /* Images */; };
		5842119210A084A600F90AFB /* SearchFormController.m in Sources */ = {isa = PBXBuildFile; fileRef = 5842119110A084A600F90AFB /* SearchFormController.m */; };
		5844CE620FC31FA8007F22FE /* README.markdown in Resources */ = {isa = PBXBuildFile; fileRef = 5844CE610FC31FA8007F22FE /* README.markdown */; };
		5853E4FB10A18BD20060636F /* DateRangeCell.xib in Resources */ = {isa = PBXBuildFile; fileRef = 5853E4FA10A18BD20060636F /* DateRangeCell.xib */; };
		5853E54910A1B5C20060636F /* RecordChoiceController.m in Sources */ = {isa = PBXBuildFile; fileRef = 5853E54810A1B5C20060636F /* RecordChoiceController.m */; };
		5853E55010A1BB5E0060636F /* ProjectChoiceController.m in Sources */ = {isa = PBXBuildFile; fileRef = 5853E54F10A1BB5E0060636F /* ProjectChoiceController.m */; };
		5853E5BA10A1C79F0060636F /* DateRangeController.m in Sources */ = {isa = PBXBuildFile; fileRef = 5853E5B910A1C79F0060636F /* DateRangeController.m */; };
		5853E5BF10A1C7EB0060636F /* DateRangeDialog.xib in Resources */ = {isa = PBXBuildFile; fileRef = 5853E5BE10A1C7EB0060636F /* DateRangeDialog.xib */; };
		5853E68B10A1DE290060636F /* SearchResultsController.m in Sources */ = {isa = PBXBuildFile; fileRef = 5853E68A10A1DE290060636F /* SearchResultsController.m */; };
		5853E78810A303180060636F /* SettingsController.m in Sources */ = {isa = PBXBuildFile; fileRef = 5853E78710A303180060636F /* SettingsController.m */; };
		5853E7B810A30CCA0060636F /* ApplicationDelegate.m in Sources */ = {isa = PBXBuildFile; fileRef = 5853E7B510A30CCA0060636F /* ApplicationDelegate.m */; };
		5853E7B910A30CCA0060636F /* ServerConnector.m in Sources */ = {isa = PBXBuildFile; fileRef = 5853E7B710A30CCA0060636F /* ServerConnector.m */; };
		586DAE120FBB68CA00DBCF0A /* NewActivityDialog.xib in Resources */ = {isa = PBXBuildFile; fileRef = 586DAE110FBB68CA00DBCF0A /* NewActivityDialog.xib */; };
		586E37171098A936005EB2C8 /* ActivityManager.m in Sources */ = {isa = PBXBuildFile; fileRef = 586E37161098A936005EB2C8 /* ActivityManager.m */; };
		586E373E10999A60005EB2C8 /* ActivityCommentsDialogController.m in Sources */ = {isa = PBXBuildFile; fileRef = 586E373110999A60005EB2C8 /* ActivityCommentsDialogController.m */; };
		586E373F10999A60005EB2C8 /* ActivityDateDialogController.m in Sources */ = {isa = PBXBuildFile; fileRef = 586E373310999A60005EB2C8 /* ActivityDateDialogController.m */; };
		586E374010999A60005EB2C8 /* ActivityDetailsController.m in Sources */ = {isa = PBXBuildFile; fileRef = 586E373510999A60005EB2C8 /* ActivityDetailsController.m */; };
		586E374110999A60005EB2C8 /* ActivityLengthDialogController.m in Sources */ = {isa = PBXBuildFile; fileRef = 586E373710999A60005EB2C8 /* ActivityLengthDialogController.m */; };
		586E374210999A60005EB2C8 /* NewActivityDialogController.m in Sources */ = {isa = PBXBuildFile; fileRef = 586E373910999A60005EB2C8 /* NewActivityDialogController.m */; };
		586E374410999A60005EB2C8 /* ShowActivityDialogController.m in Sources */ = {isa = PBXBuildFile; fileRef = 586E373D10999A60005EB2C8 /* ShowActivityDialogController.m */; };
		586E374E10999A6A005EB2C8 /* ActivityListController.m in Sources */ = {isa = PBXBuildFile; fileRef = 586E374710999A6A005EB2C8 /* ActivityListController.m */; };
		586E374F10999A6A005EB2C8 /* AllActivitiesController.m in Sources */ = {isa = PBXBuildFile; fileRef = 586E374910999A6A005EB2C8 /* AllActivitiesController.m */; };
		586E375010999A6A005EB2C8 /* ProjectActivitiesController.m in Sources */ = {isa = PBXBuildFile; fileRef = 586E374B10999A6A005EB2C8 /* ProjectActivitiesController.m */; };
		586E375110999A6A005EB2C8 /* UserActivitiesController.m in Sources */ = {isa = PBXBuildFile; fileRef = 586E374D10999A6A005EB2C8 /* UserActivitiesController.m */; };
		586E37A91099D721005EB2C8 /* ActivityCellWithUser.xib in Resources */ = {isa = PBXBuildFile; fileRef = 586E37A81099D721005EB2C8 /* ActivityCellWithUser.xib */; };
		586E37AB1099D74A005EB2C8 /* ActivityCellWithProject.xib in Resources */ = {isa = PBXBuildFile; fileRef = 586E37AA1099D74A005EB2C8 /* ActivityCellWithProject.xib */; };
		586E37AD1099D769005EB2C8 /* ActivityCellWithBoth.xib in Resources */ = {isa = PBXBuildFile; fileRef = 586E37AC1099D769005EB2C8 /* ActivityCellWithBoth.xib */; };
		5872EE6512C93C1000162208 /* ASIAuthenticationDialog.m in Sources */ = {isa = PBXBuildFile; fileRef = 5872EE4E12C93C1000162208 /* ASIAuthenticationDialog.m */; };
		5872EE6612C93C1000162208 /* ASIDataCompressor.m in Sources */ = {isa = PBXBuildFile; fileRef = 5872EE5112C93C1000162208 /* ASIDataCompressor.m */; };
		5872EE6712C93C1000162208 /* ASIDataDecompressor.m in Sources */ = {isa = PBXBuildFile; fileRef = 5872EE5312C93C1000162208 /* ASIDataDecompressor.m */; };
		5872EE6812C93C1000162208 /* ASIDownloadCache.m in Sources */ = {isa = PBXBuildFile; fileRef = 5872EE5512C93C1000162208 /* ASIDownloadCache.m */; };
		5872EE6912C93C1000162208 /* ASIFormDataRequest.m in Sources */ = {isa = PBXBuildFile; fileRef = 5872EE5712C93C1000162208 /* ASIFormDataRequest.m */; };
		5872EE6A12C93C1000162208 /* ASIHTTPRequest.m in Sources */ = {isa = PBXBuildFile; fileRef = 5872EE5912C93C1000162208 /* ASIHTTPRequest.m */; };
		5872EE6B12C93C1000162208 /* ASIInputStream.m in Sources */ = {isa = PBXBuildFile; fileRef = 5872EE5D12C93C1000162208 /* ASIInputStream.m */; };
		5872EE6C12C93C1000162208 /* ASINetworkQueue.m in Sources */ = {isa = PBXBuildFile; fileRef = 5872EE5F12C93C1000162208 /* ASINetworkQueue.m */; };
		5872EE6E12C93C1000162208 /* Reachability.m in Sources */ = {isa = PBXBuildFile; fileRef = 5872EE6412C93C1000162208 /* Reachability.m */; };
		5872EE7C12C93D3000162208 /* CFNetwork.framework in Frameworks */ = {isa = PBXBuildFile; fileRef = 5872EE7B12C93D3000162208 /* CFNetwork.framework */; };
		5872EE7E12C93D3000162208 /* MobileCoreServices.framework in Frameworks */ = {isa = PBXBuildFile; fileRef = 5872EE7D12C93D3000162208 /* MobileCoreServices.framework */; };
		5872EE8012C93D3000162208 /* SystemConfiguration.framework in Frameworks */ = {isa = PBXBuildFile; fileRef = 5872EE7F12C93D3000162208 /* SystemConfiguration.framework */; };
		5872EE8212C93D3000162208 /* libz.1.2.3.dylib in Frameworks */ = {isa = PBXBuildFile; fileRef = 5872EE8112C93D3000162208 /* libz.1.2.3.dylib */; };
		588619CA11981E2F0028AAE9 /* Default-Portrait.png in Resources */ = {isa = PBXBuildFile; fileRef = 588619C611981E2F0028AAE9 /* Default-Portrait.png */; };
		588619F11198272E0028AAE9 /* Default-Landscape.png in Resources */ = {isa = PBXBuildFile; fileRef = 588619F01198272E0028AAE9 /* Default-Landscape.png */; };
		58861A12119832B60028AAE9 /* Icon72.png in Resources */ = {isa = PBXBuildFile; fileRef = 58861A11119832B60028AAE9 /* Icon72.png */; };
		58861B181198519C0028AAE9 /* MainWindow-iPad.xib in Resources */ = {isa = PBXBuildFile; fileRef = 58861B171198519C0028AAE9 /* MainWindow-iPad.xib */; };
		58861B1C119851F30028AAE9 /* ActivityCellWithBoth-iPad.xib in Resources */ = {isa = PBXBuildFile; fileRef = 58861B19119851F30028AAE9 /* ActivityCellWithBoth-iPad.xib */; };
		58861B1D119851F30028AAE9 /* ActivityCellWithProject-iPad.xib in Resources */ = {isa = PBXBuildFile; fileRef = 58861B1A119851F30028AAE9 /* ActivityCellWithProject-iPad.xib */; };
		58861B1E119851F30028AAE9 /* ActivityCellWithUser-iPad.xib in Resources */ = {isa = PBXBuildFile; fileRef = 58861B1B119851F30028AAE9 /* ActivityCellWithUser-iPad.xib */; };
		588867231090753E00EEFCF9 /* BaseViewController.m in Sources */ = {isa = PBXBuildFile; fileRef = 588867221090753E00EEFCF9 /* BaseViewController.m */; };
		588BAB040FADD47C00460689 /* MIT-LICENSE.txt in Resources */ = {isa = PBXBuildFile; fileRef = 588BAB020FADD47C00460689 /* MIT-LICENSE.txt */; };
		588BAB150FADD78B00460689 /* LoginDialog.xib in Resources */ = {isa = PBXBuildFile; fileRef = 588BAB110FADD78B00460689 /* LoginDialog.xib */; };
		588BAB160FADD78B00460689 /* MainWindow.xib in Resources */ = {isa = PBXBuildFile; fileRef = 588BAB120FADD78B00460689 /* MainWindow.xib */; };
		588BAB190FADD79B00460689 /* ActivityCell.m in Sources */ = {isa = PBXBuildFile; fileRef = 588BAB180FADD79B00460689 /* ActivityCell.m */; };
		589BE9DF0FD1D52300CCFA82 /* SFHFEditableCell.m in Sources */ = {isa = PBXBuildFile; fileRef = 589BE9DC0FD1D52300CCFA82 /* SFHFEditableCell.m */; };
		589BE9F20FD1D57C00CCFA82 /* LoginDialogController.m in Sources */ = {isa = PBXBuildFile; fileRef = 589BE9E80FD1D57C00CCFA82 /* LoginDialogController.m */; };
		58AD921D1050335F007A5175 /* Entitlements.plist in Resources */ = {isa = PBXBuildFile; fileRef = 58AD921C1050335F007A5175 /* Entitlements.plist */; };
		58B082FD101BBB3B00D30C73 /* ActivityDateFormatter.m in Sources */ = {isa = PBXBuildFile; fileRef = 58B082FC101BBB3B00D30C73 /* ActivityDateFormatter.m */; };
		58B2D1351091DCCC00F7A801 /* ProjectListController.m in Sources */ = {isa = PBXBuildFile; fileRef = 58B2D1341091DCCC00F7A801 /* ProjectListController.m */; };
		58C0A0F20FBA009D00AF8C14 /* Utils.m in Sources */ = {isa = PBXBuildFile; fileRef = 58C0A0F10FBA009D00AF8C14 /* Utils.m */; };
		58CA2DAE0FA7AE6A007A6A65 /* Activity.m in Sources */ = {isa = PBXBuildFile; fileRef = 58CA2DAD0FA7AE6A007A6A65 /* Activity.m */; };
		58D3934A10DD602600046558 /* LoggedOutView.xib in Resources */ = {isa = PBXBuildFile; fileRef = 58D3934910DD602600046558 /* LoggedOutView.xib */; };
		58D3937010DD61AC00046558 /* LoggedOutViewController.m in Sources */ = {isa = PBXBuildFile; fileRef = 58D3936F10DD61AC00046558 /* LoggedOutViewController.m */; };
		58E9FFC10FB22F9D00CDA046 /* Project.m in Sources */ = {isa = PBXBuildFile; fileRef = 58E9FFC00FB22F9D00CDA046 /* Project.m */; };
		58EB65700FBCEF4400717C36 /* ActivityDateDialog.xib in Resources */ = {isa = PBXBuildFile; fileRef = 58EB656F0FBCEF4400717C36 /* ActivityDateDialog.xib */; };
		58EB65BA0FBDE71100717C36 /* ActivityCommentsDialog.xib in Resources */ = {isa = PBXBuildFile; fileRef = 58EB65B90FBDE71100717C36 /* ActivityCommentsDialog.xib */; };
		58EBA4480FD45562004DBC6F /* Default.png in Resources */ = {isa = PBXBuildFile; fileRef = 58EBA4470FD45562004DBC6F /* Default.png */; };
		58F47A620FF6AB5F00A1F20F /* Icon.png in Resources */ = {isa = PBXBuildFile; fileRef = 58F47A610FF6AB5F00A1F20F /* Icon.png */; };
		81C9792312BB79DD00FF09CC /* SubActivityTypeChoiceController.m in Sources */ = {isa = PBXBuildFile; fileRef = 81C9792212BB79DD00FF09CC /* SubActivityTypeChoiceController.m */; };
		81DCB26512A8FC4E00662C1C /* YAJL.framework in Frameworks */ = {isa = PBXBuildFile; fileRef = 81DCB26412A8FC4E00662C1C /* YAJL.framework */; };
		81DCB2FE12A9340C00662C1C /* ActivityType.m in Sources */ = {isa = PBXBuildFile; fileRef = 81DCB2FD12A9340C00662C1C /* ActivityType.m */; };
		81DCB30112A93ADC00662C1C /* ActivityTypeChoiceController.m in Sources */ = {isa = PBXBuildFile; fileRef = 81DCB30012A93ADC00662C1C /* ActivityTypeChoiceController.m */; };
/* End PBXBuildFile section */

/* Begin PBXFileReference section */
		1D6058910D05DD3D006BFB54 /* iRubyTime.app */ = {isa = PBXFileReference; explicitFileType = wrapper.application; includeInIndex = 0; path = iRubyTime.app; sourceTree = BUILT_PRODUCTS_DIR; };
		28A0AAE50D9B0CCF005BE974 /* RubyTime_Prefix.pch */ = {isa = PBXFileReference; fileEncoding = 4; lastKnownFileType = sourcecode.c.h; path = RubyTime_Prefix.pch; sourceTree = "<group>"; };
		29B97316FDCFA39411CA2CEA /* main.m */ = {isa = PBXFileReference; fileEncoding = 4; lastKnownFileType = sourcecode.c.objc; path = main.m; sourceTree = "<group>"; };
		5810634A10132BE600E8A540 /* ActivityLengthDialog.xib */ = {isa = PBXFileReference; lastKnownFileType = file.xib; path = ActivityLengthDialog.xib; sourceTree = "<group>"; };
		581063EA1013595100E8A540 /* ShowActivityDialog.xib */ = {isa = PBXFileReference; lastKnownFileType = file.xib; path = ShowActivityDialog.xib; sourceTree = "<group>"; };
		5810641B101362CC00E8A540 /* LoadingView.h */ = {isa = PBXFileReference; fileEncoding = 4; lastKnownFileType = sourcecode.c.h; path = LoadingView.h; sourceTree = "<group>"; };
		5810641C101362CC00E8A540 /* LoadingView.m */ = {isa = PBXFileReference; fileEncoding = 4; lastKnownFileType = sourcecode.c.objc; path = LoadingView.m; sourceTree = "<group>"; };
		5831CB4712EDFBC0008169A7 /* PSConstants.h */ = {isa = PBXFileReference; fileEncoding = 4; lastKnownFileType = sourcecode.c.h; path = PSConstants.h; sourceTree = "<group>"; };
		5831CB4812EDFBC0008169A7 /* PSDependencies.h */ = {isa = PBXFileReference; fileEncoding = 4; lastKnownFileType = sourcecode.c.h; path = PSDependencies.h; sourceTree = "<group>"; };
		5831CB4912EDFBC0008169A7 /* PSFoundationExtensions.h */ = {isa = PBXFileReference; fileEncoding = 4; lastKnownFileType = sourcecode.c.h; path = PSFoundationExtensions.h; sourceTree = "<group>"; };
		5831CB4A12EDFBC0008169A7 /* PSFoundationExtensions.m */ = {isa = PBXFileReference; fileEncoding = 4; lastKnownFileType = sourcecode.c.objc; path = PSFoundationExtensions.m; sourceTree = "<group>"; };
		5831CB4B12EDFBC0008169A7 /* PSIntArray.h */ = {isa = PBXFileReference; fileEncoding = 4; lastKnownFileType = sourcecode.c.h; path = PSIntArray.h; sourceTree = "<group>"; };
		5831CB4C12EDFBC0008169A7 /* PSIntArray.m */ = {isa = PBXFileReference; fileEncoding = 4; lastKnownFileType = sourcecode.c.objc; path = PSIntArray.m; sourceTree = "<group>"; };
		5831CB4D12EDFBC0008169A7 /* PSMacros.h */ = {isa = PBXFileReference; fileEncoding = 4; lastKnownFileType = sourcecode.c.h; path = PSMacros.h; sourceTree = "<group>"; };
		5831CB6312EDFBC0008169A7 /* PSCocoaExtensions.h */ = {isa = PBXFileReference; fileEncoding = 4; lastKnownFileType = sourcecode.c.h; path = PSCocoaExtensions.h; sourceTree = "<group>"; };
		5831CB6412EDFBC0008169A7 /* PSCocoaExtensions.m */ = {isa = PBXFileReference; fileEncoding = 4; lastKnownFileType = sourcecode.c.objc; path = PSCocoaExtensions.m; sourceTree = "<group>"; };
		5831CB6512EDFBC0008169A7 /* generate_bridges.sh */ = {isa = PBXFileReference; fileEncoding = 4; lastKnownFileType = text.script.sh; path = generate_bridges.sh; sourceTree = "<group>"; };
		5831CB6812EDFBC0008169A7 /* PSAccount.h */ = {isa = PBXFileReference; fileEncoding = 4; lastKnownFileType = sourcecode.c.h; path = PSAccount.h; sourceTree = "<group>"; };
		5831CB6912EDFBC0008169A7 /* PSAccount.m */ = {isa = PBXFileReference; fileEncoding = 4; lastKnownFileType = sourcecode.c.objc; path = PSAccount.m; sourceTree = "<group>"; };
		5831CB6A12EDFBC0008169A7 /* PSModel.h */ = {isa = PBXFileReference; fileEncoding = 4; lastKnownFileType = sourcecode.c.h; path = PSModel.h; sourceTree = "<group>"; };
		5831CB6B12EDFBC0008169A7 /* PSModel.m */ = {isa = PBXFileReference; fileEncoding = 4; lastKnownFileType = sourcecode.c.objc; path = PSModel.m; sourceTree = "<group>"; };
		5831CB6C12EDFBC0008169A7 /* PSModelManager.h */ = {isa = PBXFileReference; fileEncoding = 4; lastKnownFileType = sourcecode.c.h; path = PSModelManager.h; sourceTree = "<group>"; };
		5831CB6D12EDFBC0008169A7 /* PSModelManager.m */ = {isa = PBXFileReference; fileEncoding = 4; lastKnownFileType = sourcecode.c.objc; path = PSModelManager.m; sourceTree = "<group>"; };
		5831CB6F12EDFBC0008169A7 /* PSConnector.h */ = {isa = PBXFileReference; fileEncoding = 4; lastKnownFileType = sourcecode.c.h; path = PSConnector.h; sourceTree = "<group>"; };
		5831CB7012EDFBC0008169A7 /* PSConnector.m */ = {isa = PBXFileReference; fileEncoding = 4; lastKnownFileType = sourcecode.c.objc; path = PSConnector.m; sourceTree = "<group>"; };
		5831CB7112EDFBC0008169A7 /* PSConnectorAccount.h */ = {isa = PBXFileReference; fileEncoding = 4; lastKnownFileType = sourcecode.c.h; path = PSConnectorAccount.h; sourceTree = "<group>"; };
		5831CB7212EDFBC0008169A7 /* PSConnectorDelegate.h */ = {isa = PBXFileReference; fileEncoding = 4; lastKnownFileType = sourcecode.c.h; path = PSConnectorDelegate.h; sourceTree = "<group>"; };
		5831CB7312EDFBC0008169A7 /* PSPathBuilder.h */ = {isa = PBXFileReference; fileEncoding = 4; lastKnownFileType = sourcecode.c.h; path = PSPathBuilder.h; sourceTree = "<group>"; };
		5831CB7412EDFBC0008169A7 /* PSPathBuilder.m */ = {isa = PBXFileReference; fileEncoding = 4; lastKnownFileType = sourcecode.c.objc; path = PSPathBuilder.m; sourceTree = "<group>"; };
		5831CB7512EDFBC0008169A7 /* PSRequest.h */ = {isa = PBXFileReference; fileEncoding = 4; lastKnownFileType = sourcecode.c.h; path = PSRequest.h; sourceTree = "<group>"; };
		5831CB7612EDFBC0008169A7 /* PSRequest.m */ = {isa = PBXFileReference; fileEncoding = 4; lastKnownFileType = sourcecode.c.objc; path = PSRequest.m; sourceTree = "<group>"; };
		5831CB7712EDFBC0008169A7 /* PSResponse.h */ = {isa = PBXFileReference; fileEncoding = 4; lastKnownFileType = sourcecode.c.h; path = PSResponse.h; sourceTree = "<group>"; };
		5831CB7812EDFBC0008169A7 /* PSResponse.m */ = {isa = PBXFileReference; fileEncoding = 4; lastKnownFileType = sourcecode.c.objc; path = PSResponse.m; sourceTree = "<group>"; };
		5831CB7912EDFBC0008169A7 /* PSRestRouter.h */ = {isa = PBXFileReference; fileEncoding = 4; lastKnownFileType = sourcecode.c.h; path = PSRestRouter.h; sourceTree = "<group>"; };
		5831CB7A12EDFBC0008169A7 /* PSRestRouter.m */ = {isa = PBXFileReference; fileEncoding = 4; lastKnownFileType = sourcecode.c.objc; path = PSRestRouter.m; sourceTree = "<group>"; };
		5831CB7B12EDFBC0008169A7 /* PSRouter.h */ = {isa = PBXFileReference; fileEncoding = 4; lastKnownFileType = sourcecode.c.h; path = PSRouter.h; sourceTree = "<group>"; };
		5831CB7C12EDFBC0008169A7 /* PsiToolkit.h */ = {isa = PBXFileReference; fileEncoding = 4; lastKnownFileType = sourcecode.c.h; path = PsiToolkit.h; sourceTree = "<group>"; };
		5831CB7F12EDFBC0008169A7 /* PSSecurityExtensions.h */ = {isa = PBXFileReference; fileEncoding = 4; lastKnownFileType = sourcecode.c.h; path = PSSecurityExtensions.h; sourceTree = "<group>"; };
		5831CB8012EDFBC0008169A7 /* PSSecurityExtensions.m */ = {isa = PBXFileReference; fileEncoding = 4; lastKnownFileType = sourcecode.c.objc; path = PSSecurityExtensions.m; sourceTree = "<group>"; };
		5831CB8112EDFBC0008169A7 /* SDKeychain.h */ = {isa = PBXFileReference; fileEncoding = 4; lastKnownFileType = sourcecode.c.h; path = SDKeychain.h; sourceTree = "<group>"; };
		5831CB8212EDFBC0008169A7 /* SDKeychain.m */ = {isa = PBXFileReference; fileEncoding = 4; lastKnownFileType = sourcecode.c.objc; path = SDKeychain.m; sourceTree = "<group>"; };
		5831CB8312EDFBC0008169A7 /* SFHFKeychainUtils.h */ = {isa = PBXFileReference; fileEncoding = 4; lastKnownFileType = sourcecode.c.h; path = SFHFKeychainUtils.h; sourceTree = "<group>"; };
		5831CB8412EDFBC0008169A7 /* SFHFKeychainUtils.m */ = {isa = PBXFileReference; fileEncoding = 4; lastKnownFileType = sourcecode.c.objc; path = SFHFKeychainUtils.m; sourceTree = "<group>"; };
		5831CB8612EDFBC0008169A7 /* PSUIExtensions.h */ = {isa = PBXFileReference; fileEncoding = 4; lastKnownFileType = sourcecode.c.h; path = PSUIExtensions.h; sourceTree = "<group>"; };
		5831CB8712EDFBC0008169A7 /* PSUIExtensions.m */ = {isa = PBXFileReference; fileEncoding = 4; lastKnownFileType = sourcecode.c.objc; path = PSUIExtensions.m; sourceTree = "<group>"; };
		5833BEB21095D9C800A5530E /* UserListController.h */ = {isa = PBXFileReference; fileEncoding = 4; lastKnownFileType = sourcecode.c.h; path = UserListController.h; sourceTree = "<group>"; };
		5833BEB31095D9C800A5530E /* UserListController.m */ = {isa = PBXFileReference; fileEncoding = 4; lastKnownFileType = sourcecode.c.objc; path = UserListController.m; sourceTree = "<group>"; };
		5833BEBF1095E7F600A5530E /* User.h */ = {isa = PBXFileReference; fileEncoding = 4; lastKnownFileType = sourcecode.c.h; path = User.h; sourceTree = "<group>"; };
		5833BEC01095E7F600A5530E /* User.m */ = {isa = PBXFileReference; fileEncoding = 4; lastKnownFileType = sourcecode.c.objc; path = User.m; sourceTree = "<group>"; };
		5833BECE1095EA4400A5530E /* Account.h */ = {isa = PBXFileReference; fileEncoding = 4; lastKnownFileType = sourcecode.c.h; path = Account.h; sourceTree = "<group>"; };
		5833BECF1095EA4400A5530E /* Account.m */ = {isa = PBXFileReference; fileEncoding = 4; lastKnownFileType = sourcecode.c.objc; path = Account.m; sourceTree = "<group>"; };
		5833BF681095F8AC00A5530E /* UIKit.framework */ = {isa = PBXFileReference; lastKnownFileType = wrapper.framework; name = UIKit.framework; path = System/Library/Frameworks/UIKit.framework; sourceTree = SDKROOT; };
		5833BF6C1095F90F00A5530E /* QuartzCore.framework */ = {isa = PBXFileReference; lastKnownFileType = wrapper.framework; name = QuartzCore.framework; path = System/Library/Frameworks/QuartzCore.framework; sourceTree = SDKROOT; };
		5833BF721095F91800A5530E /* CoreGraphics.framework */ = {isa = PBXFileReference; lastKnownFileType = wrapper.framework; name = CoreGraphics.framework; path = System/Library/Frameworks/CoreGraphics.framework; sourceTree = SDKROOT; };
		5833C0D01095F98A00A5530E /* Foundation.framework */ = {isa = PBXFileReference; lastKnownFileType = wrapper.framework; name = Foundation.framework; path = System/Library/Frameworks/Foundation.framework; sourceTree = SDKROOT; };
		583BB00812D11283002AD442 /* Security.framework */ = {isa = PBXFileReference; lastKnownFileType = wrapper.framework; name = Security.framework; path = System/Library/Frameworks/Security.framework; sourceTree = SDKROOT; };
		58420FD1109EFD1600F90AFB /* ShowMoreCell.xib */ = {isa = PBXFileReference; lastKnownFileType = file.xib; path = ShowMoreCell.xib; sourceTree = "<group>"; };
		5842110C10A06EE100F90AFB /* Images */ = {isa = PBXFileReference; lastKnownFileType = folder; path = Images; sourceTree = "<group>"; };
		5842119010A084A600F90AFB /* SearchFormController.h */ = {isa = PBXFileReference; fileEncoding = 4; lastKnownFileType = sourcecode.c.h; path = SearchFormController.h; sourceTree = "<group>"; };
		5842119110A084A600F90AFB /* SearchFormController.m */ = {isa = PBXFileReference; fileEncoding = 4; lastKnownFileType = sourcecode.c.objc; path = SearchFormController.m; sourceTree = "<group>"; };
		5844CE610FC31FA8007F22FE /* README.markdown */ = {isa = PBXFileReference; fileEncoding = 4; lastKnownFileType = text; path = README.markdown; sourceTree = "<group>"; };
		5853E4FA10A18BD20060636F /* DateRangeCell.xib */ = {isa = PBXFileReference; lastKnownFileType = file.xib; path = DateRangeCell.xib; sourceTree = "<group>"; };
		5853E54710A1B5C20060636F /* RecordChoiceController.h */ = {isa = PBXFileReference; fileEncoding = 4; lastKnownFileType = sourcecode.c.h; path = RecordChoiceController.h; sourceTree = "<group>"; };
		5853E54810A1B5C20060636F /* RecordChoiceController.m */ = {isa = PBXFileReference; fileEncoding = 4; lastKnownFileType = sourcecode.c.objc; path = RecordChoiceController.m; sourceTree = "<group>"; };
		5853E54E10A1BB5E0060636F /* ProjectChoiceController.h */ = {isa = PBXFileReference; fileEncoding = 4; lastKnownFileType = sourcecode.c.h; path = ProjectChoiceController.h; sourceTree = "<group>"; };
		5853E54F10A1BB5E0060636F /* ProjectChoiceController.m */ = {isa = PBXFileReference; fileEncoding = 4; lastKnownFileType = sourcecode.c.objc; path = ProjectChoiceController.m; sourceTree = "<group>"; };
		5853E5B810A1C79F0060636F /* DateRangeController.h */ = {isa = PBXFileReference; fileEncoding = 4; lastKnownFileType = sourcecode.c.h; path = DateRangeController.h; sourceTree = "<group>"; };
		5853E5B910A1C79F0060636F /* DateRangeController.m */ = {isa = PBXFileReference; fileEncoding = 4; lastKnownFileType = sourcecode.c.objc; path = DateRangeController.m; sourceTree = "<group>"; };
		5853E5BE10A1C7EB0060636F /* DateRangeDialog.xib */ = {isa = PBXFileReference; lastKnownFileType = file.xib; path = DateRangeDialog.xib; sourceTree = "<group>"; };
		5853E68910A1DE290060636F /* SearchResultsController.h */ = {isa = PBXFileReference; fileEncoding = 4; lastKnownFileType = sourcecode.c.h; path = SearchResultsController.h; sourceTree = "<group>"; };
		5853E68A10A1DE290060636F /* SearchResultsController.m */ = {isa = PBXFileReference; fileEncoding = 4; lastKnownFileType = sourcecode.c.objc; path = SearchResultsController.m; sourceTree = "<group>"; };
		5853E78610A303180060636F /* SettingsController.h */ = {isa = PBXFileReference; fileEncoding = 4; lastKnownFileType = sourcecode.c.h; path = SettingsController.h; sourceTree = "<group>"; };
		5853E78710A303180060636F /* SettingsController.m */ = {isa = PBXFileReference; fileEncoding = 4; lastKnownFileType = sourcecode.c.objc; path = SettingsController.m; sourceTree = "<group>"; };
		5853E7B410A30CCA0060636F /* ApplicationDelegate.h */ = {isa = PBXFileReference; fileEncoding = 4; lastKnownFileType = sourcecode.c.h; path = ApplicationDelegate.h; sourceTree = "<group>"; };
		5853E7B510A30CCA0060636F /* ApplicationDelegate.m */ = {isa = PBXFileReference; fileEncoding = 4; lastKnownFileType = sourcecode.c.objc; path = ApplicationDelegate.m; sourceTree = "<group>"; };
		5853E7B610A30CCA0060636F /* ServerConnector.h */ = {isa = PBXFileReference; fileEncoding = 4; lastKnownFileType = sourcecode.c.h; path = ServerConnector.h; sourceTree = "<group>"; };
		5853E7B710A30CCA0060636F /* ServerConnector.m */ = {isa = PBXFileReference; fileEncoding = 4; lastKnownFileType = sourcecode.c.objc; path = ServerConnector.m; sourceTree = "<group>"; };
		586DAE110FBB68CA00DBCF0A /* NewActivityDialog.xib */ = {isa = PBXFileReference; lastKnownFileType = file.xib; path = NewActivityDialog.xib; sourceTree = "<group>"; };
		586E37151098A936005EB2C8 /* ActivityManager.h */ = {isa = PBXFileReference; fileEncoding = 4; lastKnownFileType = sourcecode.c.h; path = ActivityManager.h; sourceTree = "<group>"; };
		586E37161098A936005EB2C8 /* ActivityManager.m */ = {isa = PBXFileReference; fileEncoding = 4; lastKnownFileType = sourcecode.c.objc; path = ActivityManager.m; sourceTree = "<group>"; };
		586E373010999A60005EB2C8 /* ActivityCommentsDialogController.h */ = {isa = PBXFileReference; fileEncoding = 4; lastKnownFileType = sourcecode.c.h; path = ActivityCommentsDialogController.h; sourceTree = "<group>"; };
		586E373110999A60005EB2C8 /* ActivityCommentsDialogController.m */ = {isa = PBXFileReference; fileEncoding = 4; lastKnownFileType = sourcecode.c.objc; path = ActivityCommentsDialogController.m; sourceTree = "<group>"; };
		586E373210999A60005EB2C8 /* ActivityDateDialogController.h */ = {isa = PBXFileReference; fileEncoding = 4; lastKnownFileType = sourcecode.c.h; path = ActivityDateDialogController.h; sourceTree = "<group>"; };
		586E373310999A60005EB2C8 /* ActivityDateDialogController.m */ = {isa = PBXFileReference; fileEncoding = 4; lastKnownFileType = sourcecode.c.objc; path = ActivityDateDialogController.m; sourceTree = "<group>"; };
		586E373410999A60005EB2C8 /* ActivityDetailsController.h */ = {isa = PBXFileReference; fileEncoding = 4; lastKnownFileType = sourcecode.c.h; path = ActivityDetailsController.h; sourceTree = "<group>"; };
		586E373510999A60005EB2C8 /* ActivityDetailsController.m */ = {isa = PBXFileReference; fileEncoding = 4; lastKnownFileType = sourcecode.c.objc; path = ActivityDetailsController.m; sourceTree = "<group>"; };
		586E373610999A60005EB2C8 /* ActivityLengthDialogController.h */ = {isa = PBXFileReference; fileEncoding = 4; lastKnownFileType = sourcecode.c.h; path = ActivityLengthDialogController.h; sourceTree = "<group>"; };
		586E373710999A60005EB2C8 /* ActivityLengthDialogController.m */ = {isa = PBXFileReference; fileEncoding = 4; lastKnownFileType = sourcecode.c.objc; path = ActivityLengthDialogController.m; sourceTree = "<group>"; };
		586E373810999A60005EB2C8 /* NewActivityDialogController.h */ = {isa = PBXFileReference; fileEncoding = 4; lastKnownFileType = sourcecode.c.h; path = NewActivityDialogController.h; sourceTree = "<group>"; };
		586E373910999A60005EB2C8 /* NewActivityDialogController.m */ = {isa = PBXFileReference; fileEncoding = 4; lastKnownFileType = sourcecode.c.objc; path = NewActivityDialogController.m; sourceTree = "<group>"; };
		586E373C10999A60005EB2C8 /* ShowActivityDialogController.h */ = {isa = PBXFileReference; fileEncoding = 4; lastKnownFileType = sourcecode.c.h; path = ShowActivityDialogController.h; sourceTree = "<group>"; };
		586E373D10999A60005EB2C8 /* ShowActivityDialogController.m */ = {isa = PBXFileReference; fileEncoding = 4; lastKnownFileType = sourcecode.c.objc; path = ShowActivityDialogController.m; sourceTree = "<group>"; };
		586E374610999A6A005EB2C8 /* ActivityListController.h */ = {isa = PBXFileReference; fileEncoding = 4; lastKnownFileType = sourcecode.c.h; path = ActivityListController.h; sourceTree = "<group>"; };
		586E374710999A6A005EB2C8 /* ActivityListController.m */ = {isa = PBXFileReference; fileEncoding = 4; lastKnownFileType = sourcecode.c.objc; path = ActivityListController.m; sourceTree = "<group>"; };
		586E374810999A6A005EB2C8 /* AllActivitiesController.h */ = {isa = PBXFileReference; fileEncoding = 4; lastKnownFileType = sourcecode.c.h; path = AllActivitiesController.h; sourceTree = "<group>"; };
		586E374910999A6A005EB2C8 /* AllActivitiesController.m */ = {isa = PBXFileReference; fileEncoding = 4; lastKnownFileType = sourcecode.c.objc; path = AllActivitiesController.m; sourceTree = "<group>"; };
		586E374A10999A6A005EB2C8 /* ProjectActivitiesController.h */ = {isa = PBXFileReference; fileEncoding = 4; lastKnownFileType = sourcecode.c.h; path = ProjectActivitiesController.h; sourceTree = "<group>"; };
		586E374B10999A6A005EB2C8 /* ProjectActivitiesController.m */ = {isa = PBXFileReference; fileEncoding = 4; lastKnownFileType = sourcecode.c.objc; path = ProjectActivitiesController.m; sourceTree = "<group>"; };
		586E374C10999A6A005EB2C8 /* UserActivitiesController.h */ = {isa = PBXFileReference; fileEncoding = 4; lastKnownFileType = sourcecode.c.h; path = UserActivitiesController.h; sourceTree = "<group>"; };
		586E374D10999A6A005EB2C8 /* UserActivitiesController.m */ = {isa = PBXFileReference; fileEncoding = 4; lastKnownFileType = sourcecode.c.objc; path = UserActivitiesController.m; sourceTree = "<group>"; };
		586E37A81099D721005EB2C8 /* ActivityCellWithUser.xib */ = {isa = PBXFileReference; lastKnownFileType = file.xib; path = ActivityCellWithUser.xib; sourceTree = "<group>"; };
		586E37AA1099D74A005EB2C8 /* ActivityCellWithProject.xib */ = {isa = PBXFileReference; lastKnownFileType = file.xib; path = ActivityCellWithProject.xib; sourceTree = "<group>"; };
		586E37AC1099D769005EB2C8 /* ActivityCellWithBoth.xib */ = {isa = PBXFileReference; lastKnownFileType = file.xib; path = ActivityCellWithBoth.xib; sourceTree = "<group>"; };
		5872EE4D12C93C1000162208 /* ASIAuthenticationDialog.h */ = {isa = PBXFileReference; fileEncoding = 4; lastKnownFileType = sourcecode.c.h; path = ASIAuthenticationDialog.h; sourceTree = "<group>"; };
		5872EE4E12C93C1000162208 /* ASIAuthenticationDialog.m */ = {isa = PBXFileReference; fileEncoding = 4; lastKnownFileType = sourcecode.c.objc; path = ASIAuthenticationDialog.m; sourceTree = "<group>"; };
		5872EE4F12C93C1000162208 /* ASICacheDelegate.h */ = {isa = PBXFileReference; fileEncoding = 4; lastKnownFileType = sourcecode.c.h; path = ASICacheDelegate.h; sourceTree = "<group>"; };
		5872EE5012C93C1000162208 /* ASIDataCompressor.h */ = {isa = PBXFileReference; fileEncoding = 4; lastKnownFileType = sourcecode.c.h; path = ASIDataCompressor.h; sourceTree = "<group>"; };
		5872EE5112C93C1000162208 /* ASIDataCompressor.m */ = {isa = PBXFileReference; fileEncoding = 4; lastKnownFileType = sourcecode.c.objc; path = ASIDataCompressor.m; sourceTree = "<group>"; };
		5872EE5212C93C1000162208 /* ASIDataDecompressor.h */ = {isa = PBXFileReference; fileEncoding = 4; lastKnownFileType = sourcecode.c.h; path = ASIDataDecompressor.h; sourceTree = "<group>"; };
		5872EE5312C93C1000162208 /* ASIDataDecompressor.m */ = {isa = PBXFileReference; fileEncoding = 4; lastKnownFileType = sourcecode.c.objc; path = ASIDataDecompressor.m; sourceTree = "<group>"; };
		5872EE5412C93C1000162208 /* ASIDownloadCache.h */ = {isa = PBXFileReference; fileEncoding = 4; lastKnownFileType = sourcecode.c.h; path = ASIDownloadCache.h; sourceTree = "<group>"; };
		5872EE5512C93C1000162208 /* ASIDownloadCache.m */ = {isa = PBXFileReference; fileEncoding = 4; lastKnownFileType = sourcecode.c.objc; path = ASIDownloadCache.m; sourceTree = "<group>"; };
		5872EE5612C93C1000162208 /* ASIFormDataRequest.h */ = {isa = PBXFileReference; fileEncoding = 4; lastKnownFileType = sourcecode.c.h; path = ASIFormDataRequest.h; sourceTree = "<group>"; };
		5872EE5712C93C1000162208 /* ASIFormDataRequest.m */ = {isa = PBXFileReference; fileEncoding = 4; lastKnownFileType = sourcecode.c.objc; path = ASIFormDataRequest.m; sourceTree = "<group>"; };
		5872EE5812C93C1000162208 /* ASIHTTPRequest.h */ = {isa = PBXFileReference; fileEncoding = 4; lastKnownFileType = sourcecode.c.h; path = ASIHTTPRequest.h; sourceTree = "<group>"; };
		5872EE5912C93C1000162208 /* ASIHTTPRequest.m */ = {isa = PBXFileReference; fileEncoding = 4; lastKnownFileType = sourcecode.c.objc; path = ASIHTTPRequest.m; sourceTree = "<group>"; };
		5872EE5A12C93C1000162208 /* ASIHTTPRequestConfig.h */ = {isa = PBXFileReference; fileEncoding = 4; lastKnownFileType = sourcecode.c.h; path = ASIHTTPRequestConfig.h; sourceTree = "<group>"; };
		5872EE5B12C93C1000162208 /* ASIHTTPRequestDelegate.h */ = {isa = PBXFileReference; fileEncoding = 4; lastKnownFileType = sourcecode.c.h; path = ASIHTTPRequestDelegate.h; sourceTree = "<group>"; };
		5872EE5C12C93C1000162208 /* ASIInputStream.h */ = {isa = PBXFileReference; fileEncoding = 4; lastKnownFileType = sourcecode.c.h; path = ASIInputStream.h; sourceTree = "<group>"; };
		5872EE5D12C93C1000162208 /* ASIInputStream.m */ = {isa = PBXFileReference; fileEncoding = 4; lastKnownFileType = sourcecode.c.objc; path = ASIInputStream.m; sourceTree = "<group>"; };
		5872EE5E12C93C1000162208 /* ASINetworkQueue.h */ = {isa = PBXFileReference; fileEncoding = 4; lastKnownFileType = sourcecode.c.h; path = ASINetworkQueue.h; sourceTree = "<group>"; };
		5872EE5F12C93C1000162208 /* ASINetworkQueue.m */ = {isa = PBXFileReference; fileEncoding = 4; lastKnownFileType = sourcecode.c.objc; path = ASINetworkQueue.m; sourceTree = "<group>"; };
		5872EE6012C93C1000162208 /* ASIProgressDelegate.h */ = {isa = PBXFileReference; fileEncoding = 4; lastKnownFileType = sourcecode.c.h; path = ASIProgressDelegate.h; sourceTree = "<group>"; };
		5872EE6312C93C1000162208 /* Reachability.h */ = {isa = PBXFileReference; fileEncoding = 4; lastKnownFileType = sourcecode.c.h; path = Reachability.h; sourceTree = "<group>"; };
		5872EE6412C93C1000162208 /* Reachability.m */ = {isa = PBXFileReference; fileEncoding = 4; lastKnownFileType = sourcecode.c.objc; path = Reachability.m; sourceTree = "<group>"; };
		5872EE7B12C93D3000162208 /* CFNetwork.framework */ = {isa = PBXFileReference; lastKnownFileType = wrapper.framework; name = CFNetwork.framework; path = System/Library/Frameworks/CFNetwork.framework; sourceTree = SDKROOT; };
		5872EE7D12C93D3000162208 /* MobileCoreServices.framework */ = {isa = PBXFileReference; lastKnownFileType = wrapper.framework; name = MobileCoreServices.framework; path = System/Library/Frameworks/MobileCoreServices.framework; sourceTree = SDKROOT; };
		5872EE7F12C93D3000162208 /* SystemConfiguration.framework */ = {isa = PBXFileReference; lastKnownFileType = wrapper.framework; name = SystemConfiguration.framework; path = System/Library/Frameworks/SystemConfiguration.framework; sourceTree = SDKROOT; };
		5872EE8112C93D3000162208 /* libz.1.2.3.dylib */ = {isa = PBXFileReference; lastKnownFileType = "compiled.mach-o.dylib"; name = libz.1.2.3.dylib; path = usr/lib/libz.1.2.3.dylib; sourceTree = SDKROOT; };
		588619C611981E2F0028AAE9 /* Default-Portrait.png */ = {isa = PBXFileReference; lastKnownFileType = image.png; path = "Default-Portrait.png"; sourceTree = "<group>"; };
		588619F01198272E0028AAE9 /* Default-Landscape.png */ = {isa = PBXFileReference; lastKnownFileType = image.png; path = "Default-Landscape.png"; sourceTree = "<group>"; };
		58861A11119832B60028AAE9 /* Icon72.png */ = {isa = PBXFileReference; lastKnownFileType = image.png; path = Icon72.png; sourceTree = "<group>"; };
		58861B171198519C0028AAE9 /* MainWindow-iPad.xib */ = {isa = PBXFileReference; lastKnownFileType = file.xib; path = "MainWindow-iPad.xib"; sourceTree = "<group>"; };
		58861B19119851F30028AAE9 /* ActivityCellWithBoth-iPad.xib */ = {isa = PBXFileReference; lastKnownFileType = file.xib; path = "ActivityCellWithBoth-iPad.xib"; sourceTree = "<group>"; };
		58861B1A119851F30028AAE9 /* ActivityCellWithProject-iPad.xib */ = {isa = PBXFileReference; lastKnownFileType = file.xib; path = "ActivityCellWithProject-iPad.xib"; sourceTree = "<group>"; };
		58861B1B119851F30028AAE9 /* ActivityCellWithUser-iPad.xib */ = {isa = PBXFileReference; lastKnownFileType = file.xib; path = "ActivityCellWithUser-iPad.xib"; sourceTree = "<group>"; };
		588867211090753E00EEFCF9 /* BaseViewController.h */ = {isa = PBXFileReference; fileEncoding = 4; lastKnownFileType = sourcecode.c.h; path = BaseViewController.h; sourceTree = "<group>"; };
		588867221090753E00EEFCF9 /* BaseViewController.m */ = {isa = PBXFileReference; fileEncoding = 4; lastKnownFileType = sourcecode.c.objc; path = BaseViewController.m; sourceTree = "<group>"; };
		588BAB020FADD47C00460689 /* MIT-LICENSE.txt */ = {isa = PBXFileReference; fileEncoding = 4; lastKnownFileType = text; path = "MIT-LICENSE.txt"; sourceTree = "<group>"; };
		588BAB110FADD78B00460689 /* LoginDialog.xib */ = {isa = PBXFileReference; lastKnownFileType = file.xib; path = LoginDialog.xib; sourceTree = "<group>"; };
		588BAB120FADD78B00460689 /* MainWindow.xib */ = {isa = PBXFileReference; lastKnownFileType = file.xib; path = MainWindow.xib; sourceTree = "<group>"; };
		588BAB170FADD79B00460689 /* ActivityCell.h */ = {isa = PBXFileReference; fileEncoding = 4; lastKnownFileType = sourcecode.c.h; path = ActivityCell.h; sourceTree = "<group>"; };
		588BAB180FADD79B00460689 /* ActivityCell.m */ = {isa = PBXFileReference; fileEncoding = 4; lastKnownFileType = sourcecode.c.objc; path = ActivityCell.m; sourceTree = "<group>"; };
		589BE9DB0FD1D52300CCFA82 /* SFHFEditableCell.h */ = {isa = PBXFileReference; fileEncoding = 4; lastKnownFileType = sourcecode.c.h; path = SFHFEditableCell.h; sourceTree = "<group>"; };
		589BE9DC0FD1D52300CCFA82 /* SFHFEditableCell.m */ = {isa = PBXFileReference; fileEncoding = 4; lastKnownFileType = sourcecode.c.objc; path = SFHFEditableCell.m; sourceTree = "<group>"; };
		589BE9E70FD1D57C00CCFA82 /* LoginDialogController.h */ = {isa = PBXFileReference; fileEncoding = 4; lastKnownFileType = sourcecode.c.h; path = LoginDialogController.h; sourceTree = "<group>"; };
		589BE9E80FD1D57C00CCFA82 /* LoginDialogController.m */ = {isa = PBXFileReference; fileEncoding = 4; lastKnownFileType = sourcecode.c.objc; path = LoginDialogController.m; sourceTree = "<group>"; };
		58AD921C1050335F007A5175 /* Entitlements.plist */ = {isa = PBXFileReference; fileEncoding = 4; lastKnownFileType = text.plist.xml; path = Entitlements.plist; sourceTree = "<group>"; };
		58B082FB101BBB3B00D30C73 /* ActivityDateFormatter.h */ = {isa = PBXFileReference; fileEncoding = 4; lastKnownFileType = sourcecode.c.h; path = ActivityDateFormatter.h; sourceTree = "<group>"; };
		58B082FC101BBB3B00D30C73 /* ActivityDateFormatter.m */ = {isa = PBXFileReference; fileEncoding = 4; lastKnownFileType = sourcecode.c.objc; path = ActivityDateFormatter.m; sourceTree = "<group>"; };
		58B2D1331091DCCC00F7A801 /* ProjectListController.h */ = {isa = PBXFileReference; fileEncoding = 4; lastKnownFileType = sourcecode.c.h; path = ProjectListController.h; sourceTree = "<group>"; };
		58B2D1341091DCCC00F7A801 /* ProjectListController.m */ = {isa = PBXFileReference; fileEncoding = 4; lastKnownFileType = sourcecode.c.objc; path = ProjectListController.m; sourceTree = "<group>"; };
		58C0A0F00FBA009D00AF8C14 /* Utils.h */ = {isa = PBXFileReference; fileEncoding = 4; lastKnownFileType = sourcecode.c.h; path = Utils.h; sourceTree = "<group>"; };
		58C0A0F10FBA009D00AF8C14 /* Utils.m */ = {isa = PBXFileReference; fileEncoding = 4; lastKnownFileType = sourcecode.c.objc; path = Utils.m; sourceTree = "<group>"; };
		58CA2DAC0FA7AE6A007A6A65 /* Activity.h */ = {isa = PBXFileReference; fileEncoding = 4; lastKnownFileType = sourcecode.c.h; path = Activity.h; sourceTree = "<group>"; };
		58CA2DAD0FA7AE6A007A6A65 /* Activity.m */ = {isa = PBXFileReference; fileEncoding = 4; lastKnownFileType = sourcecode.c.objc; path = Activity.m; sourceTree = "<group>"; };
		58D3934910DD602600046558 /* LoggedOutView.xib */ = {isa = PBXFileReference; lastKnownFileType = file.xib; path = LoggedOutView.xib; sourceTree = "<group>"; };
		58D3936E10DD61AC00046558 /* LoggedOutViewController.h */ = {isa = PBXFileReference; fileEncoding = 4; lastKnownFileType = sourcecode.c.h; path = LoggedOutViewController.h; sourceTree = "<group>"; };
		58D3936F10DD61AC00046558 /* LoggedOutViewController.m */ = {isa = PBXFileReference; fileEncoding = 4; lastKnownFileType = sourcecode.c.objc; path = LoggedOutViewController.m; sourceTree = "<group>"; };
		58E9FFBF0FB22F9D00CDA046 /* Project.h */ = {isa = PBXFileReference; fileEncoding = 4; lastKnownFileType = sourcecode.c.h; path = Project.h; sourceTree = "<group>"; };
		58E9FFC00FB22F9D00CDA046 /* Project.m */ = {isa = PBXFileReference; fileEncoding = 4; lastKnownFileType = sourcecode.c.objc; path = Project.m; sourceTree = "<group>"; };
		58EB656F0FBCEF4400717C36 /* ActivityDateDialog.xib */ = {isa = PBXFileReference; lastKnownFileType = file.xib; path = ActivityDateDialog.xib; sourceTree = "<group>"; };
		58EB65B90FBDE71100717C36 /* ActivityCommentsDialog.xib */ = {isa = PBXFileReference; lastKnownFileType = file.xib; path = ActivityCommentsDialog.xib; sourceTree = "<group>"; };
		58EBA4470FD45562004DBC6F /* Default.png */ = {isa = PBXFileReference; lastKnownFileType = image.png; path = Default.png; sourceTree = "<group>"; };
		58F47A610FF6AB5F00A1F20F /* Icon.png */ = {isa = PBXFileReference; lastKnownFileType = image.png; path = Icon.png; sourceTree = "<group>"; };
		81C9792112BB79DD00FF09CC /* SubActivityTypeChoiceController.h */ = {isa = PBXFileReference; fileEncoding = 4; lastKnownFileType = sourcecode.c.h; path = SubActivityTypeChoiceController.h; sourceTree = "<group>"; };
		81C9792212BB79DD00FF09CC /* SubActivityTypeChoiceController.m */ = {isa = PBXFileReference; fileEncoding = 4; lastKnownFileType = sourcecode.c.objc; path = SubActivityTypeChoiceController.m; sourceTree = "<group>"; };
		81DCB26412A8FC4E00662C1C /* YAJL.framework */ = {isa = PBXFileReference; lastKnownFileType = wrapper.framework; path = YAJL.framework; sourceTree = "<group>"; };
		81DCB2FC12A9340C00662C1C /* ActivityType.h */ = {isa = PBXFileReference; fileEncoding = 4; lastKnownFileType = sourcecode.c.h; path = ActivityType.h; sourceTree = "<group>"; };
		81DCB2FD12A9340C00662C1C /* ActivityType.m */ = {isa = PBXFileReference; fileEncoding = 4; lastKnownFileType = sourcecode.c.objc; path = ActivityType.m; sourceTree = "<group>"; };
		81DCB2FF12A93ADC00662C1C /* ActivityTypeChoiceController.h */ = {isa = PBXFileReference; fileEncoding = 4; lastKnownFileType = sourcecode.c.h; path = ActivityTypeChoiceController.h; sourceTree = "<group>"; };
		81DCB30012A93ADC00662C1C /* ActivityTypeChoiceController.m */ = {isa = PBXFileReference; fileEncoding = 4; lastKnownFileType = sourcecode.c.objc; path = ActivityTypeChoiceController.m; sourceTree = "<group>"; };
		8D1107310486CEB800E47090 /* Info.plist */ = {isa = PBXFileReference; fileEncoding = 4; lastKnownFileType = text.plist.xml; path = Info.plist; sourceTree = "<group>"; };
/* End PBXFileReference section */

/* Begin PBXFrameworksBuildPhase section */
		1D60588F0D05DD3D006BFB54 /* Frameworks */ = {
			isa = PBXFrameworksBuildPhase;
			buildActionMask = 2147483647;
			files = (
				5833BF691095F8AC00A5530E /* UIKit.framework in Frameworks */,
				5833BF6D1095F90F00A5530E /* QuartzCore.framework in Frameworks */,
				5833BF731095F91800A5530E /* CoreGraphics.framework in Frameworks */,
				5833C0D11095F98A00A5530E /* Foundation.framework in Frameworks */,
				81DCB26512A8FC4E00662C1C /* YAJL.framework in Frameworks */,
				5872EE7C12C93D3000162208 /* CFNetwork.framework in Frameworks */,
				5872EE7E12C93D3000162208 /* MobileCoreServices.framework in Frameworks */,
				5872EE8012C93D3000162208 /* SystemConfiguration.framework in Frameworks */,
				5872EE8212C93D3000162208 /* libz.1.2.3.dylib in Frameworks */,
				583BB00912D11283002AD442 /* Security.framework in Frameworks */,
			);
			runOnlyForDeploymentPostprocessing = 0;
		};
/* End PBXFrameworksBuildPhase section */

/* Begin PBXGroup section */
		19C28FACFE9D520D11CA2CBB /* Products */ = {
			isa = PBXGroup;
			children = (
				1D6058910D05DD3D006BFB54 /* iRubyTime.app */,
			);
			name = Products;
			sourceTree = "<group>";
		};
		29B97314FDCFA39411CA2CEA /* CustomTemplate */ = {
			isa = PBXGroup;
			children = (
				58CA2D3B0FA78DD8007A6A65 /* Backend */,
				589BE9E00FD1D55C00CCFA82 /* Controllers */,
				5833BF321095F4D700A5530E /* Frameworks */,
				589BE9CC0FD1D4C800CCFA82 /* Lib */,
				588BAB0E0FADD76E00460689 /* Views */,
				5843B41B1194415500A98F10 /* Views-iPad */,
				58CA2DAB0FA7AE54007A6A65 /* Models */,
				29B97315FDCFA39411CA2CEA /* Other Sources */,
				29B97317FDCFA39411CA2CEA /* Resources */,
				19C28FACFE9D520D11CA2CBB /* Products */,
			);
			name = CustomTemplate;
			sourceTree = "<group>";
		};
		29B97315FDCFA39411CA2CEA /* Other Sources */ = {
			isa = PBXGroup;
			children = (
				29B97316FDCFA39411CA2CEA /* main.m */,
				58C0A0F00FBA009D00AF8C14 /* Utils.h */,
				58C0A0F10FBA009D00AF8C14 /* Utils.m */,
				28A0AAE50D9B0CCF005BE974 /* RubyTime_Prefix.pch */,
			);
			name = "Other Sources";
			sourceTree = "<group>";
		};
		29B97317FDCFA39411CA2CEA /* Resources */ = {
			isa = PBXGroup;
			children = (
				5842110C10A06EE100F90AFB /* Images */,
				58AD921C1050335F007A5175 /* Entitlements.plist */,
				58F47A610FF6AB5F00A1F20F /* Icon.png */,
				58861A11119832B60028AAE9 /* Icon72.png */,
				5844CE610FC31FA8007F22FE /* README.markdown */,
				588BAB020FADD47C00460689 /* MIT-LICENSE.txt */,
				8D1107310486CEB800E47090 /* Info.plist */,
				58EBA4470FD45562004DBC6F /* Default.png */,
				588619F01198272E0028AAE9 /* Default-Landscape.png */,
				588619C611981E2F0028AAE9 /* Default-Portrait.png */,
			);
			name = Resources;
			sourceTree = "<group>";
		};
		5831CB4512EDFBC0008169A7 /* PsiToolkit */ = {
			isa = PBXGroup;
			children = (
				5831CB4612EDFBC0008169A7 /* Base */,
				5831CB6212EDFBC0008169A7 /* Cocoa */,
				5831CB6512EDFBC0008169A7 /* generate_bridges.sh */,
				5831CB6712EDFBC0008169A7 /* Models */,
				5831CB6E12EDFBC0008169A7 /* Network */,
				5831CB7C12EDFBC0008169A7 /* PsiToolkit.h */,
				5831CB7E12EDFBC0008169A7 /* Security */,
				5831CB8512EDFBC0008169A7 /* UIKit */,
			);
			path = PsiToolkit;
			sourceTree = "<group>";
		};
		5831CB4612EDFBC0008169A7 /* Base */ = {
			isa = PBXGroup;
			children = (
				5831CB4712EDFBC0008169A7 /* PSConstants.h */,
				5831CB4812EDFBC0008169A7 /* PSDependencies.h */,
				5831CB4912EDFBC0008169A7 /* PSFoundationExtensions.h */,
				5831CB4A12EDFBC0008169A7 /* PSFoundationExtensions.m */,
				5831CB4B12EDFBC0008169A7 /* PSIntArray.h */,
				5831CB4C12EDFBC0008169A7 /* PSIntArray.m */,
				5831CB4D12EDFBC0008169A7 /* PSMacros.h */,
			);
			path = Base;
			sourceTree = "<group>";
		};
		5831CB6212EDFBC0008169A7 /* Cocoa */ = {
			isa = PBXGroup;
			children = (
				5831CB6312EDFBC0008169A7 /* PSCocoaExtensions.h */,
				5831CB6412EDFBC0008169A7 /* PSCocoaExtensions.m */,
			);
			path = Cocoa;
			sourceTree = "<group>";
		};
		5831CB6712EDFBC0008169A7 /* Models */ = {
			isa = PBXGroup;
			children = (
				5831CB6812EDFBC0008169A7 /* PSAccount.h */,
				5831CB6912EDFBC0008169A7 /* PSAccount.m */,
				5831CB6A12EDFBC0008169A7 /* PSModel.h */,
				5831CB6B12EDFBC0008169A7 /* PSModel.m */,
				5831CB6C12EDFBC0008169A7 /* PSModelManager.h */,
				5831CB6D12EDFBC0008169A7 /* PSModelManager.m */,
			);
			path = Models;
			sourceTree = "<group>";
		};
		5831CB6E12EDFBC0008169A7 /* Network */ = {
			isa = PBXGroup;
			children = (
				5831CB6F12EDFBC0008169A7 /* PSConnector.h */,
				5831CB7012EDFBC0008169A7 /* PSConnector.m */,
				5831CB7112EDFBC0008169A7 /* PSConnectorAccount.h */,
				5831CB7212EDFBC0008169A7 /* PSConnectorDelegate.h */,
				5831CB7312EDFBC0008169A7 /* PSPathBuilder.h */,
				5831CB7412EDFBC0008169A7 /* PSPathBuilder.m */,
				5831CB7512EDFBC0008169A7 /* PSRequest.h */,
				5831CB7612EDFBC0008169A7 /* PSRequest.m */,
				5831CB7712EDFBC0008169A7 /* PSResponse.h */,
				5831CB7812EDFBC0008169A7 /* PSResponse.m */,
				5831CB7912EDFBC0008169A7 /* PSRestRouter.h */,
				5831CB7A12EDFBC0008169A7 /* PSRestRouter.m */,
				5831CB7B12EDFBC0008169A7 /* PSRouter.h */,
			);
			path = Network;
			sourceTree = "<group>";
		};
		5831CB7E12EDFBC0008169A7 /* Security */ = {
			isa = PBXGroup;
			children = (
				5831CB7F12EDFBC0008169A7 /* PSSecurityExtensions.h */,
				5831CB8012EDFBC0008169A7 /* PSSecurityExtensions.m */,
				5831CB8112EDFBC0008169A7 /* SDKeychain.h */,
				5831CB8212EDFBC0008169A7 /* SDKeychain.m */,
				5831CB8312EDFBC0008169A7 /* SFHFKeychainUtils.h */,
				5831CB8412EDFBC0008169A7 /* SFHFKeychainUtils.m */,
			);
			path = Security;
			sourceTree = "<group>";
		};
		5831CB8512EDFBC0008169A7 /* UIKit */ = {
			isa = PBXGroup;
			children = (
				5831CB8612EDFBC0008169A7 /* PSUIExtensions.h */,
				5831CB8712EDFBC0008169A7 /* PSUIExtensions.m */,
			);
			path = UIKit;
			sourceTree = "<group>";
		};
		5833BF321095F4D700A5530E /* Frameworks */ = {
			isa = PBXGroup;
			children = (
				81DCB26412A8FC4E00662C1C /* YAJL.framework */,
				5833BF681095F8AC00A5530E /* UIKit.framework */,
				5833BF6C1095F90F00A5530E /* QuartzCore.framework */,
				5833BF721095F91800A5530E /* CoreGraphics.framework */,
				5833C0D01095F98A00A5530E /* Foundation.framework */,
				5872EE7B12C93D3000162208 /* CFNetwork.framework */,
				5872EE7D12C93D3000162208 /* MobileCoreServices.framework */,
				5872EE7F12C93D3000162208 /* SystemConfiguration.framework */,
				5872EE8112C93D3000162208 /* libz.1.2.3.dylib */,
				583BB00812D11283002AD442 /* Security.framework */,
			);
			name = Frameworks;
			sourceTree = "<group>";
		};
		5843B41B1194415500A98F10 /* Views-iPad */ = {
			isa = PBXGroup;
			children = (
				58861B19119851F30028AAE9 /* ActivityCellWithBoth-iPad.xib */,
				58861B1A119851F30028AAE9 /* ActivityCellWithProject-iPad.xib */,
				58861B1B119851F30028AAE9 /* ActivityCellWithUser-iPad.xib */,
				58861B171198519C0028AAE9 /* MainWindow-iPad.xib */,
			);
			path = "Views-iPad";
			sourceTree = "<group>";
		};
		586E372D1098A967005EB2C8 /* ActivityLists */ = {
			isa = PBXGroup;
			children = (
				586E374610999A6A005EB2C8 /* ActivityListController.h */,
				586E374710999A6A005EB2C8 /* ActivityListController.m */,
				586E374810999A6A005EB2C8 /* AllActivitiesController.h */,
				586E374910999A6A005EB2C8 /* AllActivitiesController.m */,
				586E374A10999A6A005EB2C8 /* ProjectActivitiesController.h */,
				586E374B10999A6A005EB2C8 /* ProjectActivitiesController.m */,
				5853E68910A1DE290060636F /* SearchResultsController.h */,
				5853E68A10A1DE290060636F /* SearchResultsController.m */,
				586E374C10999A6A005EB2C8 /* UserActivitiesController.h */,
				586E374D10999A6A005EB2C8 /* UserActivitiesController.m */,
			);
			path = ActivityLists;
			sourceTree = "<group>";
		};
		586E372F10999A47005EB2C8 /* ActivityDetails */ = {
			isa = PBXGroup;
			children = (
				586E373010999A60005EB2C8 /* ActivityCommentsDialogController.h */,
				586E373110999A60005EB2C8 /* ActivityCommentsDialogController.m */,
				586E373210999A60005EB2C8 /* ActivityDateDialogController.h */,
				586E373310999A60005EB2C8 /* ActivityDateDialogController.m */,
				586E373410999A60005EB2C8 /* ActivityDetailsController.h */,
				586E373510999A60005EB2C8 /* ActivityDetailsController.m */,
				586E373610999A60005EB2C8 /* ActivityLengthDialogController.h */,
				586E373710999A60005EB2C8 /* ActivityLengthDialogController.m */,
				81DCB2FF12A93ADC00662C1C /* ActivityTypeChoiceController.h */,
				81DCB30012A93ADC00662C1C /* ActivityTypeChoiceController.m */,
				586E373810999A60005EB2C8 /* NewActivityDialogController.h */,
				586E373910999A60005EB2C8 /* NewActivityDialogController.m */,
				5853E54E10A1BB5E0060636F /* ProjectChoiceController.h */,
				5853E54F10A1BB5E0060636F /* ProjectChoiceController.m */,
				5853E54710A1B5C20060636F /* RecordChoiceController.h */,
				5853E54810A1B5C20060636F /* RecordChoiceController.m */,
				586E373C10999A60005EB2C8 /* ShowActivityDialogController.h */,
				586E373D10999A60005EB2C8 /* ShowActivityDialogController.m */,
				81C9792112BB79DD00FF09CC /* SubActivityTypeChoiceController.h */,
				81C9792212BB79DD00FF09CC /* SubActivityTypeChoiceController.m */,
			);
			path = ActivityDetails;
			sourceTree = "<group>";
		};
		5872EE4C12C93C1000162208 /* ASIHTTPRequest */ = {
			isa = PBXGroup;
			children = (
				5872EE4D12C93C1000162208 /* ASIAuthenticationDialog.h */,
				5872EE4E12C93C1000162208 /* ASIAuthenticationDialog.m */,
				5872EE4F12C93C1000162208 /* ASICacheDelegate.h */,
				5872EE5012C93C1000162208 /* ASIDataCompressor.h */,
				5872EE5112C93C1000162208 /* ASIDataCompressor.m */,
				5872EE5212C93C1000162208 /* ASIDataDecompressor.h */,
				5872EE5312C93C1000162208 /* ASIDataDecompressor.m */,
				5872EE5412C93C1000162208 /* ASIDownloadCache.h */,
				5872EE5512C93C1000162208 /* ASIDownloadCache.m */,
				5872EE5612C93C1000162208 /* ASIFormDataRequest.h */,
				5872EE5712C93C1000162208 /* ASIFormDataRequest.m */,
				5872EE5812C93C1000162208 /* ASIHTTPRequest.h */,
				5872EE5912C93C1000162208 /* ASIHTTPRequest.m */,
				5872EE5A12C93C1000162208 /* ASIHTTPRequestConfig.h */,
				5872EE5B12C93C1000162208 /* ASIHTTPRequestDelegate.h */,
				5872EE5C12C93C1000162208 /* ASIInputStream.h */,
				5872EE5D12C93C1000162208 /* ASIInputStream.m */,
				5872EE5E12C93C1000162208 /* ASINetworkQueue.h */,
				5872EE5F12C93C1000162208 /* ASINetworkQueue.m */,
				5872EE6012C93C1000162208 /* ASIProgressDelegate.h */,
				5872EE6312C93C1000162208 /* Reachability.h */,
				5872EE6412C93C1000162208 /* Reachability.m */,
			);
			path = ASIHTTPRequest;
			sourceTree = "<group>";
		};
		588BAB0E0FADD76E00460689 /* Views */ = {
			isa = PBXGroup;
			children = (
				588BAB170FADD79B00460689 /* ActivityCell.h */,
				588BAB180FADD79B00460689 /* ActivityCell.m */,
				586E37AA1099D74A005EB2C8 /* ActivityCellWithProject.xib */,
				586E37A81099D721005EB2C8 /* ActivityCellWithUser.xib */,
				586E37AC1099D769005EB2C8 /* ActivityCellWithBoth.xib */,
				58EB65B90FBDE71100717C36 /* ActivityCommentsDialog.xib */,
				58EB656F0FBCEF4400717C36 /* ActivityDateDialog.xib */,
				5810634A10132BE600E8A540 /* ActivityLengthDialog.xib */,
				5853E4FA10A18BD20060636F /* DateRangeCell.xib */,
				5853E5BE10A1C7EB0060636F /* DateRangeDialog.xib */,
				588BAB110FADD78B00460689 /* LoginDialog.xib */,
				58D3934910DD602600046558 /* LoggedOutView.xib */,
				588BAB120FADD78B00460689 /* MainWindow.xib */,
				586DAE110FBB68CA00DBCF0A /* NewActivityDialog.xib */,
				581063EA1013595100E8A540 /* ShowActivityDialog.xib */,
				58420FD1109EFD1600F90AFB /* ShowMoreCell.xib */,
			);
			path = Views;
			sourceTree = "<group>";
		};
		589BE9CC0FD1D4C800CCFA82 /* Lib */ = {
			isa = PBXGroup;
			children = (
				5831CB4512EDFBC0008169A7 /* PsiToolkit */,
				5872EE4C12C93C1000162208 /* ASIHTTPRequest */,
				5810641B101362CC00E8A540 /* LoadingView.h */,
				5810641C101362CC00E8A540 /* LoadingView.m */,
				589BE9DB0FD1D52300CCFA82 /* SFHFEditableCell.h */,
				589BE9DC0FD1D52300CCFA82 /* SFHFEditableCell.m */,
			);
			path = Lib;
			sourceTree = "<group>";
		};
		589BE9E00FD1D55C00CCFA82 /* Controllers */ = {
			isa = PBXGroup;
			children = (
				586E372F10999A47005EB2C8 /* ActivityDetails */,
				586E372D1098A967005EB2C8 /* ActivityLists */,
				588867211090753E00EEFCF9 /* BaseViewController.h */,
				588867221090753E00EEFCF9 /* BaseViewController.m */,
				5853E5B810A1C79F0060636F /* DateRangeController.h */,
				5853E5B910A1C79F0060636F /* DateRangeController.m */,
				589BE9E70FD1D57C00CCFA82 /* LoginDialogController.h */,
				589BE9E80FD1D57C00CCFA82 /* LoginDialogController.m */,
				58D3936E10DD61AC00046558 /* LoggedOutViewController.h */,
				58D3936F10DD61AC00046558 /* LoggedOutViewController.m */,
				58B2D1331091DCCC00F7A801 /* ProjectListController.h */,
				58B2D1341091DCCC00F7A801 /* ProjectListController.m */,
				5842119010A084A600F90AFB /* SearchFormController.h */,
				5842119110A084A600F90AFB /* SearchFormController.m */,
				5853E78610A303180060636F /* SettingsController.h */,
				5853E78710A303180060636F /* SettingsController.m */,
				5833BEB21095D9C800A5530E /* UserListController.h */,
				5833BEB31095D9C800A5530E /* UserListController.m */,
			);
			path = Controllers;
			sourceTree = "<group>";
		};
		58CA2D3B0FA78DD8007A6A65 /* Backend */ = {
			isa = PBXGroup;
			children = (
				5853E7B410A30CCA0060636F /* ApplicationDelegate.h */,
				5853E7B510A30CCA0060636F /* ApplicationDelegate.m */,
				5853E7B610A30CCA0060636F /* ServerConnector.h */,
				5853E7B710A30CCA0060636F /* ServerConnector.m */,
			);
			path = Backend;
			sourceTree = "<group>";
		};
		58CA2DAB0FA7AE54007A6A65 /* Models */ = {
			isa = PBXGroup;
			children = (
				5833BECE1095EA4400A5530E /* Account.h */,
				5833BECF1095EA4400A5530E /* Account.m */,
				58CA2DAC0FA7AE6A007A6A65 /* Activity.h */,
				58CA2DAD0FA7AE6A007A6A65 /* Activity.m */,
				58B082FB101BBB3B00D30C73 /* ActivityDateFormatter.h */,
				58B082FC101BBB3B00D30C73 /* ActivityDateFormatter.m */,
				586E37151098A936005EB2C8 /* ActivityManager.h */,
				586E37161098A936005EB2C8 /* ActivityManager.m */,
				81DCB2FC12A9340C00662C1C /* ActivityType.h */,
				81DCB2FD12A9340C00662C1C /* ActivityType.m */,
				58E9FFBF0FB22F9D00CDA046 /* Project.h */,
				58E9FFC00FB22F9D00CDA046 /* Project.m */,
				5833BEBF1095E7F600A5530E /* User.h */,
				5833BEC01095E7F600A5530E /* User.m */,
			);
			path = Models;
			sourceTree = "<group>";
		};
/* End PBXGroup section */

/* Begin PBXNativeTarget section */
		1D6058900D05DD3D006BFB54 /* RubyTime */ = {
			isa = PBXNativeTarget;
			buildConfigurationList = 1D6058960D05DD3E006BFB54 /* Build configuration list for PBXNativeTarget "RubyTime" */;
			buildPhases = (
				1D60588D0D05DD3D006BFB54 /* Resources */,
				1D60588E0D05DD3D006BFB54 /* Sources */,
				1D60588F0D05DD3D006BFB54 /* Frameworks */,
			);
			buildRules = (
			);
			dependencies = (
			);
			name = RubyTime;
			productName = RubyTime;
			productReference = 1D6058910D05DD3D006BFB54 /* iRubyTime.app */;
			productType = "com.apple.product-type.application";
		};
/* End PBXNativeTarget section */

/* Begin PBXProject section */
		29B97313FDCFA39411CA2CEA /* Project object */ = {
			isa = PBXProject;
			attributes = {
				ORGANIZATIONNAME = "(c)";
			};
			buildConfigurationList = C01FCF4E08A954540054247B /* Build configuration list for PBXProject "RubyTime" */;
			compatibilityVersion = "Xcode 3.1";
			developmentRegion = English;
			hasScannedForEncodings = 1;
			knownRegions = (
				English,
				Japanese,
				French,
				German,
				en,
			);
			mainGroup = 29B97314FDCFA39411CA2CEA /* CustomTemplate */;
			projectDirPath = "";
			projectRoot = "";
			targets = (
				1D6058900D05DD3D006BFB54 /* RubyTime */,
			);
		};
/* End PBXProject section */

/* Begin PBXResourcesBuildPhase section */
		1D60588D0D05DD3D006BFB54 /* Resources */ = {
			isa = PBXResourcesBuildPhase;
			buildActionMask = 2147483647;
			files = (
				588BAB040FADD47C00460689 /* MIT-LICENSE.txt in Resources */,
				588BAB150FADD78B00460689 /* LoginDialog.xib in Resources */,
				588BAB160FADD78B00460689 /* MainWindow.xib in Resources */,
				586DAE120FBB68CA00DBCF0A /* NewActivityDialog.xib in Resources */,
				58EB65700FBCEF4400717C36 /* ActivityDateDialog.xib in Resources */,
				58EB65BA0FBDE71100717C36 /* ActivityCommentsDialog.xib in Resources */,
				5844CE620FC31FA8007F22FE /* README.markdown in Resources */,
				58EBA4480FD45562004DBC6F /* Default.png in Resources */,
				58F47A620FF6AB5F00A1F20F /* Icon.png in Resources */,
				5810634B10132BE600E8A540 /* ActivityLengthDialog.xib in Resources */,
				581063EB1013595100E8A540 /* ShowActivityDialog.xib in Resources */,
				58AD921D1050335F007A5175 /* Entitlements.plist in Resources */,
				586E37A91099D721005EB2C8 /* ActivityCellWithUser.xib in Resources */,
				586E37AB1099D74A005EB2C8 /* ActivityCellWithProject.xib in Resources */,
				586E37AD1099D769005EB2C8 /* ActivityCellWithBoth.xib in Resources */,
				58420FD2109EFD1600F90AFB /* ShowMoreCell.xib in Resources */,
				5842111310A06EE100F90AFB /* Images in Resources */,
				5853E4FB10A18BD20060636F /* DateRangeCell.xib in Resources */,
				5853E5BF10A1C7EB0060636F /* DateRangeDialog.xib in Resources */,
				58D3934A10DD602600046558 /* LoggedOutView.xib in Resources */,
				588619CA11981E2F0028AAE9 /* Default-Portrait.png in Resources */,
				588619F11198272E0028AAE9 /* Default-Landscape.png in Resources */,
				58861A12119832B60028AAE9 /* Icon72.png in Resources */,
				58861B181198519C0028AAE9 /* MainWindow-iPad.xib in Resources */,
				58861B1C119851F30028AAE9 /* ActivityCellWithBoth-iPad.xib in Resources */,
				58861B1D119851F30028AAE9 /* ActivityCellWithProject-iPad.xib in Resources */,
				58861B1E119851F30028AAE9 /* ActivityCellWithUser-iPad.xib in Resources */,
				5831CB9E12EDFBC0008169A7 /* generate_bridges.sh in Resources */,
			);
			runOnlyForDeploymentPostprocessing = 0;
		};
/* End PBXResourcesBuildPhase section */

/* Begin PBXSourcesBuildPhase section */
		1D60588E0D05DD3D006BFB54 /* Sources */ = {
			isa = PBXSourcesBuildPhase;
			buildActionMask = 2147483647;
			files = (
				1D60589B0D05DD56006BFB54 /* main.m in Sources */,
				58CA2DAE0FA7AE6A007A6A65 /* Activity.m in Sources */,
				588BAB190FADD79B00460689 /* ActivityCell.m in Sources */,
				58E9FFC10FB22F9D00CDA046 /* Project.m in Sources */,
				58C0A0F20FBA009D00AF8C14 /* Utils.m in Sources */,
				589BE9DF0FD1D52300CCFA82 /* SFHFEditableCell.m in Sources */,
				589BE9F20FD1D57C00CCFA82 /* LoginDialogController.m in Sources */,
				5810641D101362CC00E8A540 /* LoadingView.m in Sources */,
				58B082FD101BBB3B00D30C73 /* ActivityDateFormatter.m in Sources */,
				588867231090753E00EEFCF9 /* BaseViewController.m in Sources */,
				58B2D1351091DCCC00F7A801 /* ProjectListController.m in Sources */,
				5833BEB41095D9C800A5530E /* UserListController.m in Sources */,
				5833BEC11095E7F600A5530E /* User.m in Sources */,
				5833BED01095EA4400A5530E /* Account.m in Sources */,
				586E37171098A936005EB2C8 /* ActivityManager.m in Sources */,
				586E373E10999A60005EB2C8 /* ActivityCommentsDialogController.m in Sources */,
				586E373F10999A60005EB2C8 /* ActivityDateDialogController.m in Sources */,
				586E374010999A60005EB2C8 /* ActivityDetailsController.m in Sources */,
				586E374110999A60005EB2C8 /* ActivityLengthDialogController.m in Sources */,
				586E374210999A60005EB2C8 /* NewActivityDialogController.m in Sources */,
				586E374410999A60005EB2C8 /* ShowActivityDialogController.m in Sources */,
				586E374E10999A6A005EB2C8 /* ActivityListController.m in Sources */,
				586E374F10999A6A005EB2C8 /* AllActivitiesController.m in Sources */,
				586E375010999A6A005EB2C8 /* ProjectActivitiesController.m in Sources */,
				586E375110999A6A005EB2C8 /* UserActivitiesController.m in Sources */,
				5842119210A084A600F90AFB /* SearchFormController.m in Sources */,
				5853E54910A1B5C20060636F /* RecordChoiceController.m in Sources */,
				5853E55010A1BB5E0060636F /* ProjectChoiceController.m in Sources */,
				5853E5BA10A1C79F0060636F /* DateRangeController.m in Sources */,
				5853E68B10A1DE290060636F /* SearchResultsController.m in Sources */,
				5853E78810A303180060636F /* SettingsController.m in Sources */,
				5853E7B810A30CCA0060636F /* ApplicationDelegate.m in Sources */,
				5853E7B910A30CCA0060636F /* ServerConnector.m in Sources */,
				58D3937010DD61AC00046558 /* LoggedOutViewController.m in Sources */,
				81DCB2FE12A9340C00662C1C /* ActivityType.m in Sources */,
				81DCB30112A93ADC00662C1C /* ActivityTypeChoiceController.m in Sources */,
				81C9792312BB79DD00FF09CC /* SubActivityTypeChoiceController.m in Sources */,
				5872EE6512C93C1000162208 /* ASIAuthenticationDialog.m in Sources */,
				5872EE6612C93C1000162208 /* ASIDataCompressor.m in Sources */,
				5872EE6712C93C1000162208 /* ASIDataDecompressor.m in Sources */,
				5872EE6812C93C1000162208 /* ASIDownloadCache.m in Sources */,
				5872EE6912C93C1000162208 /* ASIFormDataRequest.m in Sources */,
				5872EE6A12C93C1000162208 /* ASIHTTPRequest.m in Sources */,
				5872EE6B12C93C1000162208 /* ASIInputStream.m in Sources */,
				5872EE6C12C93C1000162208 /* ASINetworkQueue.m in Sources */,
				5872EE6E12C93C1000162208 /* Reachability.m in Sources */,
				5831CB8812EDFBC0008169A7 /* PSFoundationExtensions.m in Sources */,
				5831CB8912EDFBC0008169A7 /* PSIntArray.m in Sources */,
				5831CB9D12EDFBC0008169A7 /* PSCocoaExtensions.m in Sources */,
				5831CBA012EDFBC0008169A7 /* PSAccount.m in Sources */,
				5831CBA112EDFBC0008169A7 /* PSModel.m in Sources */,
				5831CBA212EDFBC0008169A7 /* PSModelManager.m in Sources */,
				5831CBA312EDFBC0008169A7 /* PSConnector.m in Sources */,
				5831CBA412EDFBC0008169A7 /* PSPathBuilder.m in Sources */,
				5831CBA512EDFBC0008169A7 /* PSRequest.m in Sources */,
				5831CBA612EDFBC0008169A7 /* PSResponse.m in Sources */,
				5831CBA712EDFBC0008169A7 /* PSRestRouter.m in Sources */,
				5831CBA912EDFBC0008169A7 /* PSSecurityExtensions.m in Sources */,
				5831CBAA12EDFBC0008169A7 /* SDKeychain.m in Sources */,
				5831CBAB12EDFBC0008169A7 /* SFHFKeychainUtils.m in Sources */,
				5831CBAC12EDFBC0008169A7 /* PSUIExtensions.m in Sources */,
			);
			runOnlyForDeploymentPostprocessing = 0;
		};
/* End PBXSourcesBuildPhase section */

/* Begin XCBuildConfiguration section */
		1D6058940D05DD3E006BFB54 /* Debug */ = {
			isa = XCBuildConfiguration;
			buildSettings = {
				ALWAYS_SEARCH_USER_PATHS = NO;
				ARCHS = "$(ARCHS_STANDARD_32_BIT)";
				CODE_SIGN_ENTITLEMENTS = "";
				COPY_PHASE_STRIP = NO;
				FRAMEWORK_SEARCH_PATHS = (
					"$(inherited)",
					"\"$(SRCROOT)\"",
				);
				GCC_DYNAMIC_NO_PIC = NO;
				GCC_OPTIMIZATION_LEVEL = 0;
				GCC_PRECOMPILE_PREFIX_HEADER = YES;
				GCC_PREFIX_HEADER = RubyTime_Prefix.pch;
				GCC_TREAT_WARNINGS_AS_ERRORS = YES;
				INFOPLIST_FILE = Info.plist;
				IPHONEOS_DEPLOYMENT_TARGET = 3.1.3;
				LIBRARY_SEARCH_PATHS = "$(inherited)";
				OTHER_CFLAGS = "-DDEBUG";
				PRODUCT_NAME = iRubyTime;
				SDKROOT = iphoneos;
				TARGETED_DEVICE_FAMILY = "1,2";
			};
			name = Debug;
		};
		1D6058950D05DD3E006BFB54 /* Release */ = {
			isa = XCBuildConfiguration;
			buildSettings = {
				ALWAYS_SEARCH_USER_PATHS = NO;
				ARCHS = "$(ARCHS_STANDARD_32_BIT)";
				COPY_PHASE_STRIP = YES;
				FRAMEWORK_SEARCH_PATHS = (
					"$(inherited)",
					"\"$(SRCROOT)\"",
				);
				GCC_PRECOMPILE_PREFIX_HEADER = YES;
				GCC_PREFIX_HEADER = RubyTime_Prefix.pch;
				GCC_TREAT_WARNINGS_AS_ERRORS = YES;
				INFOPLIST_FILE = Info.plist;
				IPHONEOS_DEPLOYMENT_TARGET = 3.1.3;
				LIBRARY_SEARCH_PATHS = "$(inherited)";
				PRODUCT_NAME = iRubyTime;
				SDKROOT = iphoneos;
				TARGETED_DEVICE_FAMILY = "1,2";
			};
			name = Release;
		};
		5848A004112194070000EB43 /* AppStore */ = {
			isa = XCBuildConfiguration;
			buildSettings = {
				ARCHS = "$(ARCHS_STANDARD_32_BIT)";
				CODE_SIGN_ENTITLEMENTS = Entitlements.plist;
				"CODE_SIGN_IDENTITY[sdk=iphoneos*]" = "iPhone Distribution: Lunar Logic Polska sp. z o.o.";
				GCC_C_LANGUAGE_STANDARD = c99;
				GCC_WARN_ABOUT_RETURN_TYPE = YES;
				GCC_WARN_UNUSED_VARIABLE = YES;
				OTHER_LDFLAGS = (
					"-ObjC",
					"-all_load",
				);
				PREBINDING = NO;
				"PROVISIONING_PROFILE[sdk=iphoneos*]" = "052D98AE-EB1D-451F-97B8-031A6EC2B490";
				SDKROOT = iphoneos;
			};
			name = AppStore;
		};
		5848A005112194070000EB43 /* AppStore */ = {
			isa = XCBuildConfiguration;
			buildSettings = {
				ALWAYS_SEARCH_USER_PATHS = NO;
				ARCHS = "$(ARCHS_STANDARD_32_BIT)";
				COPY_PHASE_STRIP = YES;
				FRAMEWORK_SEARCH_PATHS = (
					"$(inherited)",
					"\"$(SRCROOT)\"",
				);
				GCC_PRECOMPILE_PREFIX_HEADER = YES;
				GCC_PREFIX_HEADER = RubyTime_Prefix.pch;
				GCC_TREAT_WARNINGS_AS_ERRORS = YES;
				INFOPLIST_FILE = Info.plist;
				IPHONEOS_DEPLOYMENT_TARGET = 3.1.3;
				LIBRARY_SEARCH_PATHS = "$(inherited)";
				PRODUCT_NAME = iRubyTime;
				SDKROOT = iphoneos;
				TARGETED_DEVICE_FAMILY = "1,2";
			};
			name = AppStore;
		};
		C01FCF4F08A954540054247B /* Debug */ = {
			isa = XCBuildConfiguration;
			buildSettings = {
				ARCHS = "$(ARCHS_STANDARD_32_BIT)";
				CODE_SIGN_ENTITLEMENTS = "";
				"CODE_SIGN_IDENTITY[sdk=iphoneos*]" = "iPhone Developer";
				GCC_C_LANGUAGE_STANDARD = c99;
				GCC_WARN_ABOUT_RETURN_TYPE = YES;
				GCC_WARN_UNUSED_VARIABLE = YES;
				ONLY_ACTIVE_ARCH = YES;
				OTHER_LDFLAGS = (
					"-ObjC",
					"-all_load",
				);
				PREBINDING = NO;
				"PROVISIONING_PROFILE[sdk=iphoneos*]" = "";
				SDKROOT = iphoneos;
			};
			name = Debug;
		};
		C01FCF5008A954540054247B /* Release */ = {
			isa = XCBuildConfiguration;
			buildSettings = {
				ARCHS = "$(ARCHS_STANDARD_32_BIT)";
				CODE_SIGN_ENTITLEMENTS = Entitlements.plist;
				"CODE_SIGN_IDENTITY[sdk=iphoneos*]" = "iPhone Distribution";
				GCC_C_LANGUAGE_STANDARD = c99;
				GCC_WARN_ABOUT_RETURN_TYPE = YES;
				GCC_WARN_UNUSED_VARIABLE = YES;
				OTHER_LDFLAGS = (
					"-ObjC",
					"-all_load",
				);
				PREBINDING = NO;
				"PROVISIONING_PROFILE[sdk=iphoneos*]" = "";
				SDKROOT = iphoneos;
			};
			name = Release;
		};
		F8976FBD10874C990042237F /* Distribution */ = {
			isa = XCBuildConfiguration;
			buildSettings = {
				ARCHS = "$(ARCHS_STANDARD_32_BIT)";
				CODE_SIGN_ENTITLEMENTS = Entitlements.plist;
				"CODE_SIGN_IDENTITY[sdk=iphoneos*]" = "iPhone Distribution";
				GCC_C_LANGUAGE_STANDARD = c99;
				GCC_WARN_ABOUT_RETURN_TYPE = YES;
				GCC_WARN_UNUSED_VARIABLE = YES;
				OTHER_LDFLAGS = (
					"-ObjC",
					"-all_load",
				);
				PREBINDING = NO;
				"PROVISIONING_PROFILE[sdk=iphoneos*]" = "";
				SDKROOT = iphoneos;
			};
			name = Distribution;
		};
		F8976FBE10874C990042237F /* Distribution */ = {
			isa = XCBuildConfiguration;
			buildSettings = {
				ALWAYS_SEARCH_USER_PATHS = NO;
				ARCHS = "$(ARCHS_STANDARD_32_BIT)";
				COPY_PHASE_STRIP = YES;
				FRAMEWORK_SEARCH_PATHS = (
					"$(inherited)",
					"\"$(SRCROOT)\"",
				);
				GCC_PRECOMPILE_PREFIX_HEADER = YES;
				GCC_PREFIX_HEADER = RubyTime_Prefix.pch;
				GCC_TREAT_WARNINGS_AS_ERRORS = YES;
				INFOPLIST_FILE = Info.plist;
				IPHONEOS_DEPLOYMENT_TARGET = 3.1.3;
				LIBRARY_SEARCH_PATHS = "$(inherited)";
				PRODUCT_NAME = iRubyTime;
				SDKROOT = iphoneos;
				TARGETED_DEVICE_FAMILY = "1,2";
			};
			name = Distribution;
		};
/* End XCBuildConfiguration section */

/* Begin XCConfigurationList section */
		1D6058960D05DD3E006BFB54 /* Build configuration list for PBXNativeTarget "RubyTime" */ = {
			isa = XCConfigurationList;
			buildConfigurations = (
				1D6058940D05DD3E006BFB54 /* Debug */,
				1D6058950D05DD3E006BFB54 /* Release */,
				F8976FBE10874C990042237F /* Distribution */,
				5848A005112194070000EB43 /* AppStore */,
			);
			defaultConfigurationIsVisible = 0;
			defaultConfigurationName = Release;
		};
		C01FCF4E08A954540054247B /* Build configuration list for PBXProject "RubyTime" */ = {
			isa = XCConfigurationList;
			buildConfigurations = (
				C01FCF4F08A954540054247B /* Debug */,
				C01FCF5008A954540054247B /* Release */,
				F8976FBD10874C990042237F /* Distribution */,
				5848A004112194070000EB43 /* AppStore */,
			);
			defaultConfigurationIsVisible = 0;
			defaultConfigurationName = Release;
		};
/* End XCConfigurationList section */
	};
	rootObject = 29B97313FDCFA39411CA2CEA /* Project object */;
}
